// !$*UTF8*$!
{
	archiveVersion = 1;
	classes = {
	};
	objectVersion = 56;
	objects = {

/* Begin PBXBuildFile section */
		AE26C07829B4F77600B85600 /* topazApp.swift in Sources */ = {isa = PBXBuildFile; fileRef = AE26C07729B4F77600B85600 /* topazApp.swift */; };
		AE26C07A29B4F77600B85600 /* ContentView.swift in Sources */ = {isa = PBXBuildFile; fileRef = AE26C07929B4F77600B85600 /* ContentView.swift */; };
		AE26C07C29B4F77700B85600 /* Assets.xcassets in Resources */ = {isa = PBXBuildFile; fileRef = AE26C07B29B4F77700B85600 /* Assets.xcassets */; };
		AE26C08029B4F77700B85600 /* Preview Assets.xcassets in Resources */ = {isa = PBXBuildFile; fileRef = AE26C07F29B4F77700B85600 /* Preview Assets.xcassets */; };
		AE26C08A29B4F77700B85600 /* topazTests.swift in Sources */ = {isa = PBXBuildFile; fileRef = AE26C08929B4F77700B85600 /* topazTests.swift */; };
		AE26C09429B4F77700B85600 /* topazUITests.swift in Sources */ = {isa = PBXBuildFile; fileRef = AE26C09329B4F77700B85600 /* topazUITests.swift */; };
		AE26C09629B4F77700B85600 /* topazUITestsLaunchTests.swift in Sources */ = {isa = PBXBuildFile; fileRef = AE26C09529B4F77700B85600 /* topazUITestsLaunchTests.swift */; };
		AEB899A629B4F81E004361B8 /* QuickLMDB in Frameworks */ = {isa = PBXBuildFile; productRef = AEB899A529B4F81E004361B8 /* QuickLMDB */; };
		AEB899AA29B4F84C004361B8 /* HummingbirdWSClient in Frameworks */ = {isa = PBXBuildFile; productRef = AEB899A929B4F84C004361B8 /* HummingbirdWSClient */; };
		AEB899AC29B4F84C004361B8 /* HummingbirdWSCore in Frameworks */ = {isa = PBXBuildFile; productRef = AEB899AB29B4F84C004361B8 /* HummingbirdWSCore */; };
		AEB899AF29B4F87E004361B8 /* Algorithms in Frameworks */ = {isa = PBXBuildFile; productRef = AEB899AE29B4F87E004361B8 /* Algorithms */; };
		AEB899B229B4F89A004361B8 /* AsyncHTTPClient in Frameworks */ = {isa = PBXBuildFile; productRef = AEB899B129B4F89A004361B8 /* AsyncHTTPClient */; };
		AEB899B529B4F8A6004361B8 /* Logging in Frameworks */ = {isa = PBXBuildFile; productRef = AEB899B429B4F8A6004361B8 /* Logging */; };
		AEB899B829B4F8BA004361B8 /* secp256k1 in Frameworks */ = {isa = PBXBuildFile; productRef = AEB899B729B4F8BA004361B8 /* secp256k1 */; };
		AEB899BB29B4F8D5004361B8 /* Vault in Frameworks */ = {isa = PBXBuildFile; productRef = AEB899BA29B4F8D5004361B8 /* Vault */; };
		AEB899BE29B4F8E5004361B8 /* SwiftBlake2 in Frameworks */ = {isa = PBXBuildFile; productRef = AEB899BD29B4F8E5004361B8 /* SwiftBlake2 */; };
		AEB899C129B4F91A004361B8 /* Ctopaz in Frameworks */ = {isa = PBXBuildFile; productRef = AEB899C029B4F91A004361B8 /* Ctopaz */; };
/* End PBXBuildFile section */

/* Begin PBXContainerItemProxy section */
		AE26C08629B4F77700B85600 /* PBXContainerItemProxy */ = {
			isa = PBXContainerItemProxy;
			containerPortal = AE26C06C29B4F77600B85600 /* Project object */;
			proxyType = 1;
			remoteGlobalIDString = AE26C07329B4F77600B85600;
			remoteInfo = topaz;
		};
		AE26C09029B4F77700B85600 /* PBXContainerItemProxy */ = {
			isa = PBXContainerItemProxy;
			containerPortal = AE26C06C29B4F77600B85600 /* Project object */;
			proxyType = 1;
			remoteGlobalIDString = AE26C07329B4F77600B85600;
			remoteInfo = topaz;
		};
/* End PBXContainerItemProxy section */

/* Begin PBXFileReference section */
		AE26C07429B4F77600B85600 /* topaz.app */ = {isa = PBXFileReference; explicitFileType = wrapper.application; includeInIndex = 0; path = topaz.app; sourceTree = BUILT_PRODUCTS_DIR; };
		AE26C07729B4F77600B85600 /* topazApp.swift */ = {isa = PBXFileReference; lastKnownFileType = sourcecode.swift; path = topazApp.swift; sourceTree = "<group>"; };
		AE26C07929B4F77600B85600 /* ContentView.swift */ = {isa = PBXFileReference; lastKnownFileType = sourcecode.swift; path = ContentView.swift; sourceTree = "<group>"; };
		AE26C07B29B4F77700B85600 /* Assets.xcassets */ = {isa = PBXFileReference; lastKnownFileType = folder.assetcatalog; path = Assets.xcassets; sourceTree = "<group>"; };
		AE26C07D29B4F77700B85600 /* topaz.entitlements */ = {isa = PBXFileReference; lastKnownFileType = text.plist.entitlements; path = topaz.entitlements; sourceTree = "<group>"; };
		AE26C07F29B4F77700B85600 /* Preview Assets.xcassets */ = {isa = PBXFileReference; lastKnownFileType = folder.assetcatalog; path = "Preview Assets.xcassets"; sourceTree = "<group>"; };
		AE26C08529B4F77700B85600 /* topazTests.xctest */ = {isa = PBXFileReference; explicitFileType = wrapper.cfbundle; includeInIndex = 0; path = topazTests.xctest; sourceTree = BUILT_PRODUCTS_DIR; };
		AE26C08929B4F77700B85600 /* topazTests.swift */ = {isa = PBXFileReference; lastKnownFileType = sourcecode.swift; path = topazTests.swift; sourceTree = "<group>"; };
		AE26C08F29B4F77700B85600 /* topazUITests.xctest */ = {isa = PBXFileReference; explicitFileType = wrapper.cfbundle; includeInIndex = 0; path = topazUITests.xctest; sourceTree = BUILT_PRODUCTS_DIR; };
		AE26C09329B4F77700B85600 /* topazUITests.swift */ = {isa = PBXFileReference; lastKnownFileType = sourcecode.swift; path = topazUITests.swift; sourceTree = "<group>"; };
		AE26C09529B4F77700B85600 /* topazUITestsLaunchTests.swift */ = {isa = PBXFileReference; lastKnownFileType = sourcecode.swift; path = topazUITestsLaunchTests.swift; sourceTree = "<group>"; };
/* End PBXFileReference section */

/* Begin PBXFrameworksBuildPhase section */
		AE26C07129B4F77600B85600 /* Frameworks */ = {
			isa = PBXFrameworksBuildPhase;
			buildActionMask = 2147483647;
			files = (
				AEB899B529B4F8A6004361B8 /* Logging in Frameworks */,
				AEB899BB29B4F8D5004361B8 /* Vault in Frameworks */,
				AEB899AF29B4F87E004361B8 /* Algorithms in Frameworks */,
				AEB899B229B4F89A004361B8 /* AsyncHTTPClient in Frameworks */,
				AEB899BE29B4F8E5004361B8 /* SwiftBlake2 in Frameworks */,
				AEB899C129B4F91A004361B8 /* Ctopaz in Frameworks */,
				AEB899AA29B4F84C004361B8 /* HummingbirdWSClient in Frameworks */,
				AEB899A629B4F81E004361B8 /* QuickLMDB in Frameworks */,
				AEB899B829B4F8BA004361B8 /* secp256k1 in Frameworks */,
				AEB899AC29B4F84C004361B8 /* HummingbirdWSCore in Frameworks */,
			);
			runOnlyForDeploymentPostprocessing = 0;
		};
		AE26C08229B4F77700B85600 /* Frameworks */ = {
			isa = PBXFrameworksBuildPhase;
			buildActionMask = 2147483647;
			files = (
			);
			runOnlyForDeploymentPostprocessing = 0;
		};
		AE26C08C29B4F77700B85600 /* Frameworks */ = {
			isa = PBXFrameworksBuildPhase;
			buildActionMask = 2147483647;
			files = (
			);
			runOnlyForDeploymentPostprocessing = 0;
		};
/* End PBXFrameworksBuildPhase section */

/* Begin PBXGroup section */
		AE26C06B29B4F77600B85600 = {
			isa = PBXGroup;
			children = (
				AE26C07629B4F77600B85600 /* topaz */,
				AE26C08829B4F77700B85600 /* topazTests */,
				AE26C09229B4F77700B85600 /* topazUITests */,
				AE26C07529B4F77600B85600 /* Products */,
			);
			sourceTree = "<group>";
		};
		AE26C07529B4F77600B85600 /* Products */ = {
			isa = PBXGroup;
			children = (
				AE26C07429B4F77600B85600 /* topaz.app */,
				AE26C08529B4F77700B85600 /* topazTests.xctest */,
				AE26C08F29B4F77700B85600 /* topazUITests.xctest */,
			);
			name = Products;
			sourceTree = "<group>";
		};
		AE26C07629B4F77600B85600 /* topaz */ = {
			isa = PBXGroup;
			children = (
				AE26C07729B4F77600B85600 /* topazApp.swift */,
				AE26C07929B4F77600B85600 /* ContentView.swift */,
				AE26C07B29B4F77700B85600 /* Assets.xcassets */,
				AE26C07D29B4F77700B85600 /* topaz.entitlements */,
				AE26C07E29B4F77700B85600 /* Preview Content */,
			);
			path = topaz;
			sourceTree = "<group>";
		};
		AE26C07E29B4F77700B85600 /* Preview Content */ = {
			isa = PBXGroup;
			children = (
				AE26C07F29B4F77700B85600 /* Preview Assets.xcassets */,
			);
			path = "Preview Content";
			sourceTree = "<group>";
		};
		AE26C08829B4F77700B85600 /* topazTests */ = {
			isa = PBXGroup;
			children = (
				AE26C08929B4F77700B85600 /* topazTests.swift */,
			);
			path = topazTests;
			sourceTree = "<group>";
		};
		AE26C09229B4F77700B85600 /* topazUITests */ = {
			isa = PBXGroup;
			children = (
				AE26C09329B4F77700B85600 /* topazUITests.swift */,
				AE26C09529B4F77700B85600 /* topazUITestsLaunchTests.swift */,
			);
			path = topazUITests;
			sourceTree = "<group>";
		};
/* End PBXGroup section */

/* Begin PBXNativeTarget section */
		AE26C07329B4F77600B85600 /* topaz */ = {
			isa = PBXNativeTarget;
			buildConfigurationList = AE26C09929B4F77700B85600 /* Build configuration list for PBXNativeTarget "topaz" */;
			buildPhases = (
				AE26C07029B4F77600B85600 /* Sources */,
				AE26C07129B4F77600B85600 /* Frameworks */,
				AE26C07229B4F77600B85600 /* Resources */,
			);
			buildRules = (
			);
			dependencies = (
			);
			name = topaz;
			packageProductDependencies = (
				AEB899A529B4F81E004361B8 /* QuickLMDB */,
				AEB899A929B4F84C004361B8 /* HummingbirdWSClient */,
				AEB899AB29B4F84C004361B8 /* HummingbirdWSCore */,
				AEB899AE29B4F87E004361B8 /* Algorithms */,
				AEB899B129B4F89A004361B8 /* AsyncHTTPClient */,
				AEB899B429B4F8A6004361B8 /* Logging */,
				AEB899B729B4F8BA004361B8 /* secp256k1 */,
				AEB899BA29B4F8D5004361B8 /* Vault */,
				AEB899BD29B4F8E5004361B8 /* SwiftBlake2 */,
				AEB899C029B4F91A004361B8 /* Ctopaz */,
			);
			productName = topaz;
			productReference = AE26C07429B4F77600B85600 /* topaz.app */;
			productType = "com.apple.product-type.application";
		};
		AE26C08429B4F77700B85600 /* topazTests */ = {
			isa = PBXNativeTarget;
			buildConfigurationList = AE26C09C29B4F77700B85600 /* Build configuration list for PBXNativeTarget "topazTests" */;
			buildPhases = (
				AE26C08129B4F77700B85600 /* Sources */,
				AE26C08229B4F77700B85600 /* Frameworks */,
				AE26C08329B4F77700B85600 /* Resources */,
			);
			buildRules = (
			);
			dependencies = (
				AE26C08729B4F77700B85600 /* PBXTargetDependency */,
			);
			name = topazTests;
			productName = topazTests;
			productReference = AE26C08529B4F77700B85600 /* topazTests.xctest */;
			productType = "com.apple.product-type.bundle.unit-test";
		};
		AE26C08E29B4F77700B85600 /* topazUITests */ = {
			isa = PBXNativeTarget;
			buildConfigurationList = AE26C09F29B4F77700B85600 /* Build configuration list for PBXNativeTarget "topazUITests" */;
			buildPhases = (
				AE26C08B29B4F77700B85600 /* Sources */,
				AE26C08C29B4F77700B85600 /* Frameworks */,
				AE26C08D29B4F77700B85600 /* Resources */,
			);
			buildRules = (
			);
			dependencies = (
				AE26C09129B4F77700B85600 /* PBXTargetDependency */,
			);
			name = topazUITests;
			productName = topazUITests;
			productReference = AE26C08F29B4F77700B85600 /* topazUITests.xctest */;
			productType = "com.apple.product-type.bundle.ui-testing";
		};
/* End PBXNativeTarget section */

/* Begin PBXProject section */
		AE26C06C29B4F77600B85600 /* Project object */ = {
			isa = PBXProject;
			attributes = {
				BuildIndependentTargetsInParallel = 1;
				LastSwiftUpdateCheck = 1420;
				LastUpgradeCheck = 1420;
				TargetAttributes = {
					AE26C07329B4F77600B85600 = {
						CreatedOnToolsVersion = 14.2;
					};
					AE26C08429B4F77700B85600 = {
						CreatedOnToolsVersion = 14.2;
						TestTargetID = AE26C07329B4F77600B85600;
					};
					AE26C08E29B4F77700B85600 = {
						CreatedOnToolsVersion = 14.2;
						TestTargetID = AE26C07329B4F77600B85600;
					};
				};
			};
			buildConfigurationList = AE26C06F29B4F77600B85600 /* Build configuration list for PBXProject "topaz" */;
			compatibilityVersion = "Xcode 14.0";
			developmentRegion = en;
			hasScannedForEncodings = 0;
			knownRegions = (
				en,
				Base,
			);
			mainGroup = AE26C06B29B4F77600B85600;
			packageReferences = (
				AEB899A429B4F81E004361B8 /* XCRemoteSwiftPackageReference "QuickLMDB" */,
				AEB899A829B4F84C004361B8 /* XCRemoteSwiftPackageReference "hummingbird-websocket" */,
				AEB899AD29B4F87E004361B8 /* XCRemoteSwiftPackageReference "swift-algorithms" */,
				AEB899B029B4F89A004361B8 /* XCRemoteSwiftPackageReference "async-http-client" */,
				AEB899B329B4F8A6004361B8 /* XCRemoteSwiftPackageReference "swift-log" */,
				AEB899B629B4F8BA004361B8 /* XCRemoteSwiftPackageReference "secp256k1" */,
				AEB899B929B4F8D5004361B8 /* XCRemoteSwiftPackageReference "Vault" */,
				AEB899BC29B4F8E5004361B8 /* XCRemoteSwiftPackageReference "SwiftBlake2" */,
				AEB899BF29B4F91A004361B8 /* XCRemoteSwiftPackageReference "Ctopaz" */,
			);
			productRefGroup = AE26C07529B4F77600B85600 /* Products */;
			projectDirPath = "";
			projectRoot = "";
			targets = (
				AE26C07329B4F77600B85600 /* topaz */,
				AE26C08429B4F77700B85600 /* topazTests */,
				AE26C08E29B4F77700B85600 /* topazUITests */,
			);
		};
/* End PBXProject section */

/* Begin PBXResourcesBuildPhase section */
		AE26C07229B4F77600B85600 /* Resources */ = {
			isa = PBXResourcesBuildPhase;
			buildActionMask = 2147483647;
			files = (
				AE26C08029B4F77700B85600 /* Preview Assets.xcassets in Resources */,
				AE26C07C29B4F77700B85600 /* Assets.xcassets in Resources */,
			);
			runOnlyForDeploymentPostprocessing = 0;
		};
		AE26C08329B4F77700B85600 /* Resources */ = {
			isa = PBXResourcesBuildPhase;
			buildActionMask = 2147483647;
			files = (
			);
			runOnlyForDeploymentPostprocessing = 0;
		};
		AE26C08D29B4F77700B85600 /* Resources */ = {
			isa = PBXResourcesBuildPhase;
			buildActionMask = 2147483647;
			files = (
			);
			runOnlyForDeploymentPostprocessing = 0;
		};
/* End PBXResourcesBuildPhase section */

/* Begin PBXSourcesBuildPhase section */
		AE26C07029B4F77600B85600 /* Sources */ = {
			isa = PBXSourcesBuildPhase;
			buildActionMask = 2147483647;
			files = (
				AE26C07A29B4F77600B85600 /* ContentView.swift in Sources */,
				AE26C07829B4F77600B85600 /* topazApp.swift in Sources */,
			);
			runOnlyForDeploymentPostprocessing = 0;
		};
		AE26C08129B4F77700B85600 /* Sources */ = {
			isa = PBXSourcesBuildPhase;
			buildActionMask = 2147483647;
			files = (
				AE26C08A29B4F77700B85600 /* topazTests.swift in Sources */,
			);
			runOnlyForDeploymentPostprocessing = 0;
		};
		AE26C08B29B4F77700B85600 /* Sources */ = {
			isa = PBXSourcesBuildPhase;
			buildActionMask = 2147483647;
			files = (
				AE26C09429B4F77700B85600 /* topazUITests.swift in Sources */,
				AE26C09629B4F77700B85600 /* topazUITestsLaunchTests.swift in Sources */,
			);
			runOnlyForDeploymentPostprocessing = 0;
		};
/* End PBXSourcesBuildPhase section */

/* Begin PBXTargetDependency section */
		AE26C08729B4F77700B85600 /* PBXTargetDependency */ = {
			isa = PBXTargetDependency;
			target = AE26C07329B4F77600B85600 /* topaz */;
			targetProxy = AE26C08629B4F77700B85600 /* PBXContainerItemProxy */;
		};
		AE26C09129B4F77700B85600 /* PBXTargetDependency */ = {
			isa = PBXTargetDependency;
			target = AE26C07329B4F77600B85600 /* topaz */;
			targetProxy = AE26C09029B4F77700B85600 /* PBXContainerItemProxy */;
		};
/* End PBXTargetDependency section */

/* Begin XCBuildConfiguration section */
		AE26C09729B4F77700B85600 /* Debug */ = {
			isa = XCBuildConfiguration;
			buildSettings = {
				ALWAYS_SEARCH_USER_PATHS = NO;
				CLANG_ANALYZER_NONNULL = YES;
				CLANG_ANALYZER_NUMBER_OBJECT_CONVERSION = YES_AGGRESSIVE;
				CLANG_CXX_LANGUAGE_STANDARD = "gnu++20";
				CLANG_ENABLE_MODULES = YES;
				CLANG_ENABLE_OBJC_ARC = YES;
				CLANG_ENABLE_OBJC_WEAK = YES;
				CLANG_WARN_BLOCK_CAPTURE_AUTORELEASING = YES;
				CLANG_WARN_BOOL_CONVERSION = YES;
				CLANG_WARN_COMMA = YES;
				CLANG_WARN_CONSTANT_CONVERSION = YES;
				CLANG_WARN_DEPRECATED_OBJC_IMPLEMENTATIONS = YES;
				CLANG_WARN_DIRECT_OBJC_ISA_USAGE = YES_ERROR;
				CLANG_WARN_DOCUMENTATION_COMMENTS = YES;
				CLANG_WARN_EMPTY_BODY = YES;
				CLANG_WARN_ENUM_CONVERSION = YES;
				CLANG_WARN_INFINITE_RECURSION = YES;
				CLANG_WARN_INT_CONVERSION = YES;
				CLANG_WARN_NON_LITERAL_NULL_CONVERSION = YES;
				CLANG_WARN_OBJC_IMPLICIT_RETAIN_SELF = YES;
				CLANG_WARN_OBJC_LITERAL_CONVERSION = YES;
				CLANG_WARN_OBJC_ROOT_CLASS = YES_ERROR;
				CLANG_WARN_QUOTED_INCLUDE_IN_FRAMEWORK_HEADER = YES;
				CLANG_WARN_RANGE_LOOP_ANALYSIS = YES;
				CLANG_WARN_STRICT_PROTOTYPES = YES;
				CLANG_WARN_SUSPICIOUS_MOVE = YES;
				CLANG_WARN_UNGUARDED_AVAILABILITY = YES_AGGRESSIVE;
				CLANG_WARN_UNREACHABLE_CODE = YES;
				CLANG_WARN__DUPLICATE_METHOD_MATCH = YES;
				COPY_PHASE_STRIP = NO;
				DEBUG_INFORMATION_FORMAT = dwarf;
				ENABLE_STRICT_OBJC_MSGSEND = YES;
				ENABLE_TESTABILITY = YES;
				GCC_C_LANGUAGE_STANDARD = gnu11;
				GCC_DYNAMIC_NO_PIC = NO;
				GCC_NO_COMMON_BLOCKS = YES;
				GCC_OPTIMIZATION_LEVEL = 0;
				GCC_PREPROCESSOR_DEFINITIONS = (
					"DEBUG=1",
					"$(inherited)",
				);
				GCC_WARN_64_TO_32_BIT_CONVERSION = YES;
				GCC_WARN_ABOUT_RETURN_TYPE = YES_ERROR;
				GCC_WARN_UNDECLARED_SELECTOR = YES;
				GCC_WARN_UNINITIALIZED_AUTOS = YES_AGGRESSIVE;
				GCC_WARN_UNUSED_FUNCTION = YES;
				GCC_WARN_UNUSED_VARIABLE = YES;
				MTL_ENABLE_DEBUG_INFO = INCLUDE_SOURCE;
				MTL_FAST_MATH = YES;
				ONLY_ACTIVE_ARCH = YES;
				SWIFT_ACTIVE_COMPILATION_CONDITIONS = DEBUG;
				SWIFT_OPTIMIZATION_LEVEL = "-Onone";
			};
			name = Debug;
		};
		AE26C09829B4F77700B85600 /* Release */ = {
			isa = XCBuildConfiguration;
			buildSettings = {
				ALWAYS_SEARCH_USER_PATHS = NO;
				CLANG_ANALYZER_NONNULL = YES;
				CLANG_ANALYZER_NUMBER_OBJECT_CONVERSION = YES_AGGRESSIVE;
				CLANG_CXX_LANGUAGE_STANDARD = "gnu++20";
				CLANG_ENABLE_MODULES = YES;
				CLANG_ENABLE_OBJC_ARC = YES;
				CLANG_ENABLE_OBJC_WEAK = YES;
				CLANG_WARN_BLOCK_CAPTURE_AUTORELEASING = YES;
				CLANG_WARN_BOOL_CONVERSION = YES;
				CLANG_WARN_COMMA = YES;
				CLANG_WARN_CONSTANT_CONVERSION = YES;
				CLANG_WARN_DEPRECATED_OBJC_IMPLEMENTATIONS = YES;
				CLANG_WARN_DIRECT_OBJC_ISA_USAGE = YES_ERROR;
				CLANG_WARN_DOCUMENTATION_COMMENTS = YES;
				CLANG_WARN_EMPTY_BODY = YES;
				CLANG_WARN_ENUM_CONVERSION = YES;
				CLANG_WARN_INFINITE_RECURSION = YES;
				CLANG_WARN_INT_CONVERSION = YES;
				CLANG_WARN_NON_LITERAL_NULL_CONVERSION = YES;
				CLANG_WARN_OBJC_IMPLICIT_RETAIN_SELF = YES;
				CLANG_WARN_OBJC_LITERAL_CONVERSION = YES;
				CLANG_WARN_OBJC_ROOT_CLASS = YES_ERROR;
				CLANG_WARN_QUOTED_INCLUDE_IN_FRAMEWORK_HEADER = YES;
				CLANG_WARN_RANGE_LOOP_ANALYSIS = YES;
				CLANG_WARN_STRICT_PROTOTYPES = YES;
				CLANG_WARN_SUSPICIOUS_MOVE = YES;
				CLANG_WARN_UNGUARDED_AVAILABILITY = YES_AGGRESSIVE;
				CLANG_WARN_UNREACHABLE_CODE = YES;
				CLANG_WARN__DUPLICATE_METHOD_MATCH = YES;
				COPY_PHASE_STRIP = NO;
				DEBUG_INFORMATION_FORMAT = "dwarf-with-dsym";
				ENABLE_NS_ASSERTIONS = NO;
				ENABLE_STRICT_OBJC_MSGSEND = YES;
				GCC_C_LANGUAGE_STANDARD = gnu11;
				GCC_NO_COMMON_BLOCKS = YES;
				GCC_WARN_64_TO_32_BIT_CONVERSION = YES;
				GCC_WARN_ABOUT_RETURN_TYPE = YES_ERROR;
				GCC_WARN_UNDECLARED_SELECTOR = YES;
				GCC_WARN_UNINITIALIZED_AUTOS = YES_AGGRESSIVE;
				GCC_WARN_UNUSED_FUNCTION = YES;
				GCC_WARN_UNUSED_VARIABLE = YES;
				MTL_ENABLE_DEBUG_INFO = NO;
				MTL_FAST_MATH = YES;
				SWIFT_COMPILATION_MODE = wholemodule;
				SWIFT_OPTIMIZATION_LEVEL = "-O";
			};
			name = Release;
		};
		AE26C09A29B4F77700B85600 /* Debug */ = {
			isa = XCBuildConfiguration;
			buildSettings = {
				ASSETCATALOG_COMPILER_APPICON_NAME = AppIcon;
				ASSETCATALOG_COMPILER_GLOBAL_ACCENT_COLOR_NAME = AccentColor;
				CODE_SIGN_ENTITLEMENTS = topaz/topaz.entitlements;
				CODE_SIGN_STYLE = Automatic;
				CURRENT_PROJECT_VERSION = 1;
				DEVELOPMENT_ASSET_PATHS = "\"topaz/Preview Content\"";
				ENABLE_PREVIEWS = YES;
				GENERATE_INFOPLIST_FILE = YES;
				"INFOPLIST_KEY_UIApplicationSceneManifest_Generation[sdk=iphoneos*]" = YES;
				"INFOPLIST_KEY_UIApplicationSceneManifest_Generation[sdk=iphonesimulator*]" = YES;
				"INFOPLIST_KEY_UIApplicationSupportsIndirectInputEvents[sdk=iphoneos*]" = YES;
				"INFOPLIST_KEY_UIApplicationSupportsIndirectInputEvents[sdk=iphonesimulator*]" = YES;
				"INFOPLIST_KEY_UILaunchScreen_Generation[sdk=iphoneos*]" = YES;
				"INFOPLIST_KEY_UILaunchScreen_Generation[sdk=iphonesimulator*]" = YES;
				"INFOPLIST_KEY_UIStatusBarStyle[sdk=iphoneos*]" = UIStatusBarStyleDefault;
				"INFOPLIST_KEY_UIStatusBarStyle[sdk=iphonesimulator*]" = UIStatusBarStyleDefault;
				INFOPLIST_KEY_UISupportedInterfaceOrientations_iPad = "UIInterfaceOrientationPortrait UIInterfaceOrientationPortraitUpsideDown UIInterfaceOrientationLandscapeLeft UIInterfaceOrientationLandscapeRight";
				INFOPLIST_KEY_UISupportedInterfaceOrientations_iPhone = "UIInterfaceOrientationPortrait UIInterfaceOrientationLandscapeLeft UIInterfaceOrientationLandscapeRight";
				IPHONEOS_DEPLOYMENT_TARGET = 16.0;
				LD_RUNPATH_SEARCH_PATHS = "@executable_path/Frameworks";
				"LD_RUNPATH_SEARCH_PATHS[sdk=macosx*]" = "@executable_path/../Frameworks";
				MACOSX_DEPLOYMENT_TARGET = 13.0;
				MARKETING_VERSION = 1.0;
				PRODUCT_BUNDLE_IDENTIFIER = tannerdsilva.topaz;
				PRODUCT_NAME = "$(TARGET_NAME)";
				SDKROOT = auto;
				SUPPORTED_PLATFORMS = "iphoneos iphonesimulator macosx";
				SWIFT_EMIT_LOC_STRINGS = YES;
				SWIFT_VERSION = 5.0;
				TARGETED_DEVICE_FAMILY = "1,2";
			};
			name = Debug;
		};
		AE26C09B29B4F77700B85600 /* Release */ = {
			isa = XCBuildConfiguration;
			buildSettings = {
				ASSETCATALOG_COMPILER_APPICON_NAME = AppIcon;
				ASSETCATALOG_COMPILER_GLOBAL_ACCENT_COLOR_NAME = AccentColor;
				CODE_SIGN_ENTITLEMENTS = topaz/topaz.entitlements;
				CODE_SIGN_STYLE = Automatic;
				CURRENT_PROJECT_VERSION = 1;
				DEVELOPMENT_ASSET_PATHS = "\"topaz/Preview Content\"";
				ENABLE_PREVIEWS = YES;
				GENERATE_INFOPLIST_FILE = YES;
				"INFOPLIST_KEY_UIApplicationSceneManifest_Generation[sdk=iphoneos*]" = YES;
				"INFOPLIST_KEY_UIApplicationSceneManifest_Generation[sdk=iphonesimulator*]" = YES;
				"INFOPLIST_KEY_UIApplicationSupportsIndirectInputEvents[sdk=iphoneos*]" = YES;
				"INFOPLIST_KEY_UIApplicationSupportsIndirectInputEvents[sdk=iphonesimulator*]" = YES;
				"INFOPLIST_KEY_UILaunchScreen_Generation[sdk=iphoneos*]" = YES;
				"INFOPLIST_KEY_UILaunchScreen_Generation[sdk=iphonesimulator*]" = YES;
				"INFOPLIST_KEY_UIStatusBarStyle[sdk=iphoneos*]" = UIStatusBarStyleDefault;
				"INFOPLIST_KEY_UIStatusBarStyle[sdk=iphonesimulator*]" = UIStatusBarStyleDefault;
				INFOPLIST_KEY_UISupportedInterfaceOrientations_iPad = "UIInterfaceOrientationPortrait UIInterfaceOrientationPortraitUpsideDown UIInterfaceOrientationLandscapeLeft UIInterfaceOrientationLandscapeRight";
				INFOPLIST_KEY_UISupportedInterfaceOrientations_iPhone = "UIInterfaceOrientationPortrait UIInterfaceOrientationLandscapeLeft UIInterfaceOrientationLandscapeRight";
				IPHONEOS_DEPLOYMENT_TARGET = 16.0;
				LD_RUNPATH_SEARCH_PATHS = "@executable_path/Frameworks";
				"LD_RUNPATH_SEARCH_PATHS[sdk=macosx*]" = "@executable_path/../Frameworks";
				MACOSX_DEPLOYMENT_TARGET = 13.0;
				MARKETING_VERSION = 1.0;
				PRODUCT_BUNDLE_IDENTIFIER = tannerdsilva.topaz;
				PRODUCT_NAME = "$(TARGET_NAME)";
				SDKROOT = auto;
				SUPPORTED_PLATFORMS = "iphoneos iphonesimulator macosx";
				SWIFT_EMIT_LOC_STRINGS = YES;
				SWIFT_VERSION = 5.0;
				TARGETED_DEVICE_FAMILY = "1,2";
			};
			name = Release;
		};
		AE26C09D29B4F77700B85600 /* Debug */ = {
			isa = XCBuildConfiguration;
			buildSettings = {
				ALWAYS_EMBED_SWIFT_STANDARD_LIBRARIES = YES;
				BUNDLE_LOADER = "$(TEST_HOST)";
				CODE_SIGN_STYLE = Automatic;
				CURRENT_PROJECT_VERSION = 1;
				GENERATE_INFOPLIST_FILE = YES;
				IPHONEOS_DEPLOYMENT_TARGET = 16.2;
				MACOSX_DEPLOYMENT_TARGET = 13.1;
				MARKETING_VERSION = 1.0;
				PRODUCT_BUNDLE_IDENTIFIER = tannerdsilva.topazTests;
				PRODUCT_NAME = "$(TARGET_NAME)";
				SDKROOT = auto;
				SUPPORTED_PLATFORMS = "iphoneos iphonesimulator macosx";
				SWIFT_EMIT_LOC_STRINGS = NO;
				SWIFT_VERSION = 5.0;
				TARGETED_DEVICE_FAMILY = "1,2";
				TEST_HOST = "$(BUILT_PRODUCTS_DIR)/topaz.app/$(BUNDLE_EXECUTABLE_FOLDER_PATH)/topaz";
			};
			name = Debug;
		};
		AE26C09E29B4F77700B85600 /* Release */ = {
			isa = XCBuildConfiguration;
			buildSettings = {
				ALWAYS_EMBED_SWIFT_STANDARD_LIBRARIES = YES;
				BUNDLE_LOADER = "$(TEST_HOST)";
				CODE_SIGN_STYLE = Automatic;
				CURRENT_PROJECT_VERSION = 1;
				GENERATE_INFOPLIST_FILE = YES;
				IPHONEOS_DEPLOYMENT_TARGET = 16.2;
				MACOSX_DEPLOYMENT_TARGET = 13.1;
				MARKETING_VERSION = 1.0;
				PRODUCT_BUNDLE_IDENTIFIER = tannerdsilva.topazTests;
				PRODUCT_NAME = "$(TARGET_NAME)";
				SDKROOT = auto;
				SUPPORTED_PLATFORMS = "iphoneos iphonesimulator macosx";
				SWIFT_EMIT_LOC_STRINGS = NO;
				SWIFT_VERSION = 5.0;
				TARGETED_DEVICE_FAMILY = "1,2";
				TEST_HOST = "$(BUILT_PRODUCTS_DIR)/topaz.app/$(BUNDLE_EXECUTABLE_FOLDER_PATH)/topaz";
			};
			name = Release;
		};
		AE26C0A029B4F77700B85600 /* Debug */ = {
			isa = XCBuildConfiguration;
			buildSettings = {
				ALWAYS_EMBED_SWIFT_STANDARD_LIBRARIES = YES;
				CODE_SIGN_STYLE = Automatic;
				CURRENT_PROJECT_VERSION = 1;
				GENERATE_INFOPLIST_FILE = YES;
				IPHONEOS_DEPLOYMENT_TARGET = 16.2;
				MACOSX_DEPLOYMENT_TARGET = 13.1;
				MARKETING_VERSION = 1.0;
				PRODUCT_BUNDLE_IDENTIFIER = tannerdsilva.topazUITests;
				PRODUCT_NAME = "$(TARGET_NAME)";
				SDKROOT = auto;
				SUPPORTED_PLATFORMS = "iphoneos iphonesimulator macosx";
				SWIFT_EMIT_LOC_STRINGS = NO;
				SWIFT_VERSION = 5.0;
				TARGETED_DEVICE_FAMILY = "1,2";
				TEST_TARGET_NAME = topaz;
			};
			name = Debug;
		};
		AE26C0A129B4F77700B85600 /* Release */ = {
			isa = XCBuildConfiguration;
			buildSettings = {
				ALWAYS_EMBED_SWIFT_STANDARD_LIBRARIES = YES;
				CODE_SIGN_STYLE = Automatic;
				CURRENT_PROJECT_VERSION = 1;
				GENERATE_INFOPLIST_FILE = YES;
				IPHONEOS_DEPLOYMENT_TARGET = 16.2;
				MACOSX_DEPLOYMENT_TARGET = 13.1;
				MARKETING_VERSION = 1.0;
				PRODUCT_BUNDLE_IDENTIFIER = tannerdsilva.topazUITests;
				PRODUCT_NAME = "$(TARGET_NAME)";
				SDKROOT = auto;
				SUPPORTED_PLATFORMS = "iphoneos iphonesimulator macosx";
				SWIFT_EMIT_LOC_STRINGS = NO;
				SWIFT_VERSION = 5.0;
				TARGETED_DEVICE_FAMILY = "1,2";
				TEST_TARGET_NAME = topaz;
			};
			name = Release;
		};
/* End XCBuildConfiguration section */

/* Begin XCConfigurationList section */
		AE26C06F29B4F77600B85600 /* Build configuration list for PBXProject "topaz" */ = {
			isa = XCConfigurationList;
			buildConfigurations = (
				AE26C09729B4F77700B85600 /* Debug */,
				AE26C09829B4F77700B85600 /* Release */,
			);
			defaultConfigurationIsVisible = 0;
			defaultConfigurationName = Release;
		};
		AE26C09929B4F77700B85600 /* Build configuration list for PBXNativeTarget "topaz" */ = {
			isa = XCConfigurationList;
			buildConfigurations = (
				AE26C09A29B4F77700B85600 /* Debug */,
				AE26C09B29B4F77700B85600 /* Release */,
			);
			defaultConfigurationIsVisible = 0;
			defaultConfigurationName = Release;
		};
		AE26C09C29B4F77700B85600 /* Build configuration list for PBXNativeTarget "topazTests" */ = {
			isa = XCConfigurationList;
			buildConfigurations = (
				AE26C09D29B4F77700B85600 /* Debug */,
				AE26C09E29B4F77700B85600 /* Release */,
			);
			defaultConfigurationIsVisible = 0;
			defaultConfigurationName = Release;
		};
		AE26C09F29B4F77700B85600 /* Build configuration list for PBXNativeTarget "topazUITests" */ = {
			isa = XCConfigurationList;
			buildConfigurations = (
				AE26C0A029B4F77700B85600 /* Debug */,
				AE26C0A129B4F77700B85600 /* Release */,
			);
			defaultConfigurationIsVisible = 0;
			defaultConfigurationName = Release;
		};
/* End XCConfigurationList section */

/* Begin XCRemoteSwiftPackageReference section */
		AEB899A429B4F81E004361B8 /* XCRemoteSwiftPackageReference "QuickLMDB" */ = {
			isa = XCRemoteSwiftPackageReference;
			repositoryURL = "https://github.com/tannerdsilva/QuickLMDB";
			requirement = {
				kind = upToNextMajorVersion;
				minimumVersion = 1.0.0;
			};
		};
		AEB899A829B4F84C004361B8 /* XCRemoteSwiftPackageReference "hummingbird-websocket" */ = {
			isa = XCRemoteSwiftPackageReference;
			repositoryURL = "https://github.com/hummingbird-project/hummingbird-websocket.git";
			requirement = {
				kind = upToNextMajorVersion;
				minimumVersion = 1.0.0;
			};
		};
		AEB899AD29B4F87E004361B8 /* XCRemoteSwiftPackageReference "swift-algorithms" */ = {
			isa = XCRemoteSwiftPackageReference;
			repositoryURL = "https://github.com/apple/swift-algorithms.git";
			requirement = {
				kind = upToNextMajorVersion;
				minimumVersion = 1.0.0;
			};
		};
		AEB899B029B4F89A004361B8 /* XCRemoteSwiftPackageReference "async-http-client" */ = {
			isa = XCRemoteSwiftPackageReference;
			repositoryURL = "https://github.com/swift-server/async-http-client.git";
			requirement = {
				kind = upToNextMajorVersion;
				minimumVersion = 1.0.0;
			};
		};
		AEB899B329B4F8A6004361B8 /* XCRemoteSwiftPackageReference "swift-log" */ = {
			isa = XCRemoteSwiftPackageReference;
			repositoryURL = "https://github.com/apple/swift-log";
			requirement = {
				kind = upToNextMajorVersion;
				minimumVersion = 1.0.0;
			};
		};
		AEB899B629B4F8BA004361B8 /* XCRemoteSwiftPackageReference "secp256k1" */ = {
			isa = XCRemoteSwiftPackageReference;
			repositoryURL = "https://github.com/jb55/secp256k1.swift";
			requirement = {
				kind = upToNextMajorVersion;
				minimumVersion = 0.7.0;
			};
		};
		AEB899B929B4F8D5004361B8 /* XCRemoteSwiftPackageReference "Vault" */ = {
			isa = XCRemoteSwiftPackageReference;
			repositoryURL = "https://github.com/SparrowTek/Vault";
			requirement = {
				kind = upToNextMajorVersion;
				minimumVersion = 1.0.0;
			};
		};
		AEB899BC29B4F8E5004361B8 /* XCRemoteSwiftPackageReference "SwiftBlake2" */ = {
			isa = XCRemoteSwiftPackageReference;
			repositoryURL = "https://github.com/tannerdsilva/SwiftBlake2";
			requirement = {
				kind = upToNextMinorVersion;
				minimumVersion = 0.0.3;
			};
		};
		AEB899BF29B4F91A004361B8 /* XCRemoteSwiftPackageReference "Ctopaz" */ = {
			isa = XCRemoteSwiftPackageReference;
			repositoryURL = "https://github.com/tannerdsilva/Ctopaz.git";
			requirement = {
				branch = master;
				kind = branch;
			};
		};
/* End XCRemoteSwiftPackageReference section */

/* Begin XCSwiftPackageProductDependency section */
		AEB899A529B4F81E004361B8 /* QuickLMDB */ = {
			isa = XCSwiftPackageProductDependency;
			package = AEB899A429B4F81E004361B8 /* XCRemoteSwiftPackageReference "QuickLMDB" */;
			productName = QuickLMDB;
		};
		AEB899A929B4F84C004361B8 /* HummingbirdWSClient */ = {
			isa = XCSwiftPackageProductDependency;
			package = AEB899A829B4F84C004361B8 /* XCRemoteSwiftPackageReference "hummingbird-websocket" */;
			productName = HummingbirdWSClient;
		};
		AEB899AB29B4F84C004361B8 /* HummingbirdWSCore */ = {
			isa = XCSwiftPackageProductDependency;
			package = AEB899A829B4F84C004361B8 /* XCRemoteSwiftPackageReference "hummingbird-websocket" */;
			productName = HummingbirdWSCore;
		};
		AEB899AE29B4F87E004361B8 /* Algorithms */ = {
			isa = XCSwiftPackageProductDependency;
			package = AEB899AD29B4F87E004361B8 /* XCRemoteSwiftPackageReference "swift-algorithms" */;
			productName = Algorithms;
		};
		AEB899B129B4F89A004361B8 /* AsyncHTTPClient */ = {
			isa = XCSwiftPackageProductDependency;
			package = AEB899B029B4F89A004361B8 /* XCRemoteSwiftPackageReference "async-http-client" */;
			productName = AsyncHTTPClient;
		};
		AEB899B429B4F8A6004361B8 /* Logging */ = {
			isa = XCSwiftPackageProductDependency;
			package = AEB899B329B4F8A6004361B8 /* XCRemoteSwiftPackageReference "swift-log" */;
			productName = Logging;
		};
		AEB899B729B4F8BA004361B8 /* secp256k1 */ = {
			isa = XCSwiftPackageProductDependency;
			package = AEB899B629B4F8BA004361B8 /* XCRemoteSwiftPackageReference "secp256k1" */;
			productName = secp256k1;
		};
		AEB899BA29B4F8D5004361B8 /* Vault */ = {
			isa = XCSwiftPackageProductDependency;
			package = AEB899B929B4F8D5004361B8 /* XCRemoteSwiftPackageReference "Vault" */;
			productName = Vault;
		};
		AEB899BD29B4F8E5004361B8 /* SwiftBlake2 */ = {
			isa = XCSwiftPackageProductDependency;
			package = AEB899BC29B4F8E5004361B8 /* XCRemoteSwiftPackageReference "SwiftBlake2" */;
			productName = SwiftBlake2;
		};
		AEB899C029B4F91A004361B8 /* Ctopaz */ = {
			isa = XCSwiftPackageProductDependency;
			package = AEB899BF29B4F91A004361B8 /* XCRemoteSwiftPackageReference "Ctopaz" */;
			productName = Ctopaz;
		};
/* End XCSwiftPackageProductDependency section */
	};
	rootObject = AE26C06C29B4F77600B85600 /* Project object */;
}
