// !$*UTF8*$!
{
	archiveVersion = 1;
	classes = {
	};
	objectVersion = 56;
	objects = {

/* Begin PBXBuildFile section */
		AE0F152C29C4E176009E3297 /* Stream.swift in Sources */ = {isa = PBXBuildFile; fileRef = AE0F152B29C4E176009E3297 /* Stream.swift */; };
		AE0F152F29C5083B009E3297 /* ProfileDB.swift in Sources */ = {isa = PBXBuildFile; fileRef = AE0F152E29C5083B009E3297 /* ProfileDB.swift */; };
		AE0F153229C509B4009E3297 /* Context.swift in Sources */ = {isa = PBXBuildFile; fileRef = AE0F153129C509B4009E3297 /* Context.swift */; };
		AE0F153429C5553A009E3297 /* SettingsDB.swift in Sources */ = {isa = PBXBuildFile; fileRef = AE0F153329C5553A009E3297 /* SettingsDB.swift */; };
		AE0F153629C555EB009E3297 /* RelaysDB.swift in Sources */ = {isa = PBXBuildFile; fileRef = AE0F153529C555EB009E3297 /* RelaysDB.swift */; };
		AE1A59BB29B6ED2000D21AA0 /* UEDevView.swift in Sources */ = {isa = PBXBuildFile; fileRef = AE1A59BA29B6ED2000D21AA0 /* UEDevView.swift */; };
		AE1A59BD29B6EEA400D21AA0 /* MDBEnvStats.swift in Sources */ = {isa = PBXBuildFile; fileRef = AE1A59BC29B6EEA400D21AA0 /* MDBEnvStats.swift */; };
		AE1A59C029B70F9200D21AA0 /* TimelineView.swift in Sources */ = {isa = PBXBuildFile; fileRef = AE1A59BF29B70F9200D21AA0 /* TimelineView.swift */; };
		AE1A59C229B7A20600D21AA0 /* Event.swift in Sources */ = {isa = PBXBuildFile; fileRef = AE1A59C129B7A20600D21AA0 /* Event.swift */; };
		AE1A59C429B7A3E400D21AA0 /* nostr.swift in Sources */ = {isa = PBXBuildFile; fileRef = AE1A59C329B7A3E400D21AA0 /* nostr.swift */; };
		AE1A59C629B7B0EA00D21AA0 /* Invoice.swift in Sources */ = {isa = PBXBuildFile; fileRef = AE1A59C529B7B0EA00D21AA0 /* Invoice.swift */; };
		AE1A59C829B7B1EA00D21AA0 /* Mention.swift in Sources */ = {isa = PBXBuildFile; fileRef = AE1A59C729B7B1EA00D21AA0 /* Mention.swift */; };
		AE1A59CA29B7B26200D21AA0 /* ReferenceID.swift in Sources */ = {isa = PBXBuildFile; fileRef = AE1A59C929B7B26200D21AA0 /* ReferenceID.swift */; };
		AE1A59CE29B7C02D00D21AA0 /* ScheduledTask.swift in Sources */ = {isa = PBXBuildFile; fileRef = AE1A59CC29B7C02D00D21AA0 /* ScheduledTask.swift */; };
		AE1A59CF29B7C02D00D21AA0 /* Scheduler.swift in Sources */ = {isa = PBXBuildFile; fileRef = AE1A59CD29B7C02D00D21AA0 /* Scheduler.swift */; };
		AE1A59D129B7D2E300D21AA0 /* Request.swift in Sources */ = {isa = PBXBuildFile; fileRef = AE1A59D029B7D2E300D21AA0 /* Request.swift */; };
		AE1A59D329B7E85200D21AA0 /* Filter.swift in Sources */ = {isa = PBXBuildFile; fileRef = AE1A59D229B7E85200D21AA0 /* Filter.swift */; };
		AE26C07C29B4F77700B85600 /* Assets.xcassets in Resources */ = {isa = PBXBuildFile; fileRef = AE26C07B29B4F77700B85600 /* Assets.xcassets */; };
		AE26C08029B4F77700B85600 /* Preview Assets.xcassets in Resources */ = {isa = PBXBuildFile; fileRef = AE26C07F29B4F77700B85600 /* Preview Assets.xcassets */; };
		AE26C08A29B4F77700B85600 /* topazTests.swift in Sources */ = {isa = PBXBuildFile; fileRef = AE26C08929B4F77700B85600 /* topazTests.swift */; };
		AE26C09429B4F77700B85600 /* topazUITests.swift in Sources */ = {isa = PBXBuildFile; fileRef = AE26C09329B4F77700B85600 /* topazUITests.swift */; };
		AE26C09629B4F77700B85600 /* topazUITestsLaunchTests.swift in Sources */ = {isa = PBXBuildFile; fileRef = AE26C09529B4F77700B85600 /* topazUITestsLaunchTests.swift */; };
		AE2C0EE429BA3DC600C0B87C /* ProfilePicView.swift in Sources */ = {isa = PBXBuildFile; fileRef = AE2C0EE329BA3DC600C0B87C /* ProfilePicView.swift */; };
		AE2C0EE629BA50BD00C0B87C /* EventHolder.swift in Sources */ = {isa = PBXBuildFile; fileRef = AE2C0EE529BA50BD00C0B87C /* EventHolder.swift */; };
		AE2C0EEB29BA6E8700C0B87C /* Profile.swift in Sources */ = {isa = PBXBuildFile; fileRef = AE2C0EEA29BA6E8700C0B87C /* Profile.swift */; };
		AE2C0EEE29BA71B100C0B87C /* ActionBarModel.swift in Sources */ = {isa = PBXBuildFile; fileRef = AE2C0EED29BA71B100C0B87C /* ActionBarModel.swift */; };
		AE2C0EF029BA725A00C0B87C /* Zap.swift in Sources */ = {isa = PBXBuildFile; fileRef = AE2C0EEF29BA725A00C0B87C /* Zap.swift */; };
		AE2C0EF229BA7C9E00C0B87C /* Constants.swift in Sources */ = {isa = PBXBuildFile; fileRef = AE2C0EF129BA7C9E00C0B87C /* Constants.swift */; };
		AE39020B29B912D600F9D40C /* Delta.swift in Sources */ = {isa = PBXBuildFile; fileRef = AE39020A29B912D600F9D40C /* Delta.swift */; };
		AE421C6D29BC433B009CB737 /* PostBlock.swift in Sources */ = {isa = PBXBuildFile; fileRef = AE421C6C29BC433B009CB737 /* PostBlock.swift */; };
		AE421C7129BC7EED009CB737 /* RelayRegistrar.swift in Sources */ = {isa = PBXBuildFile; fileRef = AE421C7029BC7EED009CB737 /* RelayRegistrar.swift */; };
		AE421C7329BD095B009CB737 /* EventReference.swift in Sources */ = {isa = PBXBuildFile; fileRef = AE421C7229BD095B009CB737 /* EventReference.swift */; };
		AE421C7529BD1ED4009CB737 /* ReplyDescription.swift in Sources */ = {isa = PBXBuildFile; fileRef = AE421C7429BD1ED4009CB737 /* ReplyDescription.swift */; };
		AE421C7729BD1FB5009CB737 /* ReplyDesc.swift in Sources */ = {isa = PBXBuildFile; fileRef = AE421C7629BD1FB5009CB737 /* ReplyDesc.swift */; };
		AE421C7A29BE30DE009CB737 /* Date.swift in Sources */ = {isa = PBXBuildFile; fileRef = AE421C7929BE30DE009CB737 /* Date.swift */; };
		AE5C8A6A29B9D1C000306779 /* InnerTimelineView.swift in Sources */ = {isa = PBXBuildFile; fileRef = AE5C8A6929B9D1C000306779 /* InnerTimelineView.swift */; };
		AE5C8A6C29B9D35100306779 /* EventView.swift in Sources */ = {isa = PBXBuildFile; fileRef = AE5C8A6B29B9D35100306779 /* EventView.swift */; };
		AE5C8A6E29B9D3B100306779 /* TextEvent.swift in Sources */ = {isa = PBXBuildFile; fileRef = AE5C8A6D29B9D3B000306779 /* TextEvent.swift */; };
		AE717AC229C014F7002D6A52 /* HomeModel.swift in Sources */ = {isa = PBXBuildFile; fileRef = AE717AC129C014F7002D6A52 /* HomeModel.swift */; };
		AE717AC529C0344B002D6A52 /* AsyncAlgorithms in Frameworks */ = {isa = PBXBuildFile; productRef = AE717AC429C0344B002D6A52 /* AsyncAlgorithms */; };
		AE771EAF29B5166A0019EDA1 /* ContentView.swift in Sources */ = {isa = PBXBuildFile; fileRef = AE771EAE29B5166A0019EDA1 /* ContentView.swift */; };
		AE7FE80029BAB2800060DCE3 /* Reposted.swift in Sources */ = {isa = PBXBuildFile; fileRef = AE7FE7FF29BAB2800060DCE3 /* Reposted.swift */; };
		AE7FE83929BBB7F80060DCE3 /* Parser.swift in Sources */ = {isa = PBXBuildFile; fileRef = AE7FE83829BBB7F80060DCE3 /* Parser.swift */; };
		AE7FE83B29BBBCBE0060DCE3 /* LNURLPayRequest.swift in Sources */ = {isa = PBXBuildFile; fileRef = AE7FE83A29BBBCBE0060DCE3 /* LNURLPayRequest.swift */; };
		AEB39B6C29B52B1200F3C92E /* OnboardingView.swift in Sources */ = {isa = PBXBuildFile; fileRef = AEB39B6B29B52B1200F3C92E /* OnboardingView.swift */; };
		AEB39B6E29B52D5900F3C92E /* Topaz.swift in Sources */ = {isa = PBXBuildFile; fileRef = AEB39B6D29B52D5900F3C92E /* Topaz.swift */; };
		AEB39B7529B5403900F3C92E /* npub.swift in Sources */ = {isa = PBXBuildFile; fileRef = AEB39B7429B5403900F3C92E /* npub.swift */; };
		AEB39B7829B5406A00F3C92E /* Keys.swift in Sources */ = {isa = PBXBuildFile; fileRef = AEB39B7629B5406A00F3C92E /* Keys.swift */; };
		AEB39B7929B5406A00F3C92E /* Bech32.swift in Sources */ = {isa = PBXBuildFile; fileRef = AEB39B7729B5406A00F3C92E /* Bech32.swift */; };
		AEB39B7B29B5417D00F3C92E /* POW.swift in Sources */ = {isa = PBXBuildFile; fileRef = AEB39B7A29B5417D00F3C92E /* POW.swift */; };
		AEB39B7E29B59C5B00F3C92E /* AccountPickerView.swift in Sources */ = {isa = PBXBuildFile; fileRef = AEB39B7D29B59C5B00F3C92E /* AccountPickerView.swift */; };
		AEB39B8029B5C2E700F3C92E /* UserEnvironment.swift in Sources */ = {isa = PBXBuildFile; fileRef = AEB39B7F29B5C2E700F3C92E /* UserEnvironment.swift */; };
		AEB39B8229B5C37800F3C92E /* Relay.swift in Sources */ = {isa = PBXBuildFile; fileRef = AEB39B8129B5C37800F3C92E /* Relay.swift */; };
		AEB39B8429B5C3F300F3C92E /* RelayConnection.swift in Sources */ = {isa = PBXBuildFile; fileRef = AEB39B8329B5C3F300F3C92E /* RelayConnection.swift */; };
		AEB39B8829B68D6A00F3C92E /* UserExperienceView.swift in Sources */ = {isa = PBXBuildFile; fileRef = AEB39B8729B68D6A00F3C92E /* UserExperienceView.swift */; };
		AEB899A629B4F81E004361B8 /* QuickLMDB in Frameworks */ = {isa = PBXBuildFile; productRef = AEB899A529B4F81E004361B8 /* QuickLMDB */; };
		AEB899AA29B4F84C004361B8 /* HummingbirdWSClient in Frameworks */ = {isa = PBXBuildFile; productRef = AEB899A929B4F84C004361B8 /* HummingbirdWSClient */; };
		AEB899AC29B4F84C004361B8 /* HummingbirdWSCore in Frameworks */ = {isa = PBXBuildFile; productRef = AEB899AB29B4F84C004361B8 /* HummingbirdWSCore */; };
		AEB899B229B4F89A004361B8 /* AsyncHTTPClient in Frameworks */ = {isa = PBXBuildFile; productRef = AEB899B129B4F89A004361B8 /* AsyncHTTPClient */; };
		AEB899B529B4F8A6004361B8 /* Logging in Frameworks */ = {isa = PBXBuildFile; productRef = AEB899B429B4F8A6004361B8 /* Logging */; };
		AEB899B829B4F8BA004361B8 /* secp256k1 in Frameworks */ = {isa = PBXBuildFile; productRef = AEB899B729B4F8BA004361B8 /* secp256k1 */; };
		AEB899BE29B4F8E5004361B8 /* SwiftBlake2 in Frameworks */ = {isa = PBXBuildFile; productRef = AEB899BD29B4F8E5004361B8 /* SwiftBlake2 */; };
		AEB899C129B4F91A004361B8 /* Ctopaz in Frameworks */ = {isa = PBXBuildFile; productRef = AEB899C029B4F91A004361B8 /* Ctopaz */; };
		AEB899F129B4FE4E004361B8 /* ApplicationModel.swift in Sources */ = {isa = PBXBuildFile; fileRef = AEB899F029B4FE4E004361B8 /* ApplicationModel.swift */; };
		AEB899FB29B50602004361B8 /* Markdown in Frameworks */ = {isa = PBXBuildFile; productRef = AEB899FA29B50602004361B8 /* Markdown */; };
		AEB899FE29B50720004361B8 /* SystemPackage in Frameworks */ = {isa = PBXBuildFile; productRef = AEB899FD29B50720004361B8 /* SystemPackage */; };
		AED9D12D29BA94DD004AE0AE /* ProfileView.swift in Sources */ = {isa = PBXBuildFile; fileRef = AED9D12C29BA94DD004AE0AE /* ProfileView.swift */; };
		AED9D12F29BA9730004AE0AE /* LocalizationHelp.swift in Sources */ = {isa = PBXBuildFile; fileRef = AED9D12E29BA9730004AE0AE /* LocalizationHelp.swift */; };
		AED9D13229BA97E5004AE0AE /* ProfileName.swift in Sources */ = {isa = PBXBuildFile; fileRef = AED9D13129BA97E5004AE0AE /* ProfileName.swift */; };
		AED9D13429BA9828004AE0AE /* NIP05.swift in Sources */ = {isa = PBXBuildFile; fileRef = AED9D13329BA9828004AE0AE /* NIP05.swift */; };
		AED9D13629BA99BE004AE0AE /* EventBody.swift in Sources */ = {isa = PBXBuildFile; fileRef = AED9D13529BA99BE004AE0AE /* EventBody.swift */; };
/* End PBXBuildFile section */

/* Begin PBXContainerItemProxy section */
		AE26C08629B4F77700B85600 /* PBXContainerItemProxy */ = {
			isa = PBXContainerItemProxy;
			containerPortal = AE26C06C29B4F77600B85600 /* Project object */;
			proxyType = 1;
			remoteGlobalIDString = AE26C07329B4F77600B85600;
			remoteInfo = topaz;
		};
		AE26C09029B4F77700B85600 /* PBXContainerItemProxy */ = {
			isa = PBXContainerItemProxy;
			containerPortal = AE26C06C29B4F77600B85600 /* Project object */;
			proxyType = 1;
			remoteGlobalIDString = AE26C07329B4F77600B85600;
			remoteInfo = topaz;
		};
/* End PBXContainerItemProxy section */

/* Begin PBXFileReference section */
		AE0F152B29C4E176009E3297 /* Stream.swift */ = {isa = PBXFileReference; lastKnownFileType = sourcecode.swift; path = Stream.swift; sourceTree = "<group>"; };
		AE0F152E29C5083B009E3297 /* ProfileDB.swift */ = {isa = PBXFileReference; lastKnownFileType = sourcecode.swift; path = ProfileDB.swift; sourceTree = "<group>"; };
		AE0F153129C509B4009E3297 /* Context.swift */ = {isa = PBXFileReference; lastKnownFileType = sourcecode.swift; path = Context.swift; sourceTree = "<group>"; };
		AE0F153329C5553A009E3297 /* SettingsDB.swift */ = {isa = PBXFileReference; lastKnownFileType = sourcecode.swift; path = SettingsDB.swift; sourceTree = "<group>"; };
		AE0F153529C555EB009E3297 /* RelaysDB.swift */ = {isa = PBXFileReference; lastKnownFileType = sourcecode.swift; path = RelaysDB.swift; sourceTree = "<group>"; };
		AE1A59BA29B6ED2000D21AA0 /* UEDevView.swift */ = {isa = PBXFileReference; lastKnownFileType = sourcecode.swift; path = UEDevView.swift; sourceTree = "<group>"; };
		AE1A59BC29B6EEA400D21AA0 /* MDBEnvStats.swift */ = {isa = PBXFileReference; lastKnownFileType = sourcecode.swift; path = MDBEnvStats.swift; sourceTree = "<group>"; };
		AE1A59BF29B70F9200D21AA0 /* TimelineView.swift */ = {isa = PBXFileReference; lastKnownFileType = sourcecode.swift; path = TimelineView.swift; sourceTree = "<group>"; };
		AE1A59C129B7A20600D21AA0 /* Event.swift */ = {isa = PBXFileReference; lastKnownFileType = sourcecode.swift; path = Event.swift; sourceTree = "<group>"; };
		AE1A59C329B7A3E400D21AA0 /* nostr.swift */ = {isa = PBXFileReference; lastKnownFileType = sourcecode.swift; path = nostr.swift; sourceTree = "<group>"; };
		AE1A59C529B7B0EA00D21AA0 /* Invoice.swift */ = {isa = PBXFileReference; lastKnownFileType = sourcecode.swift; path = Invoice.swift; sourceTree = "<group>"; };
		AE1A59C729B7B1EA00D21AA0 /* Mention.swift */ = {isa = PBXFileReference; lastKnownFileType = sourcecode.swift; path = Mention.swift; sourceTree = "<group>"; };
		AE1A59C929B7B26200D21AA0 /* ReferenceID.swift */ = {isa = PBXFileReference; lastKnownFileType = sourcecode.swift; path = ReferenceID.swift; sourceTree = "<group>"; };
		AE1A59CC29B7C02D00D21AA0 /* ScheduledTask.swift */ = {isa = PBXFileReference; fileEncoding = 4; lastKnownFileType = sourcecode.swift; path = ScheduledTask.swift; sourceTree = "<group>"; };
		AE1A59CD29B7C02D00D21AA0 /* Scheduler.swift */ = {isa = PBXFileReference; fileEncoding = 4; lastKnownFileType = sourcecode.swift; path = Scheduler.swift; sourceTree = "<group>"; };
		AE1A59D029B7D2E300D21AA0 /* Request.swift */ = {isa = PBXFileReference; lastKnownFileType = sourcecode.swift; path = Request.swift; sourceTree = "<group>"; };
		AE1A59D229B7E85200D21AA0 /* Filter.swift */ = {isa = PBXFileReference; lastKnownFileType = sourcecode.swift; path = Filter.swift; sourceTree = "<group>"; };
		AE26C07429B4F77600B85600 /* topaz.app */ = {isa = PBXFileReference; explicitFileType = wrapper.application; includeInIndex = 0; path = topaz.app; sourceTree = BUILT_PRODUCTS_DIR; };
		AE26C07B29B4F77700B85600 /* Assets.xcassets */ = {isa = PBXFileReference; lastKnownFileType = folder.assetcatalog; path = Assets.xcassets; sourceTree = "<group>"; };
		AE26C07D29B4F77700B85600 /* topaz.entitlements */ = {isa = PBXFileReference; lastKnownFileType = text.plist.entitlements; path = topaz.entitlements; sourceTree = "<group>"; };
		AE26C07F29B4F77700B85600 /* Preview Assets.xcassets */ = {isa = PBXFileReference; lastKnownFileType = folder.assetcatalog; path = "Preview Assets.xcassets"; sourceTree = "<group>"; };
		AE26C08529B4F77700B85600 /* topazTests.xctest */ = {isa = PBXFileReference; explicitFileType = wrapper.cfbundle; includeInIndex = 0; path = topazTests.xctest; sourceTree = BUILT_PRODUCTS_DIR; };
		AE26C08929B4F77700B85600 /* topazTests.swift */ = {isa = PBXFileReference; lastKnownFileType = sourcecode.swift; path = topazTests.swift; sourceTree = "<group>"; };
		AE26C08F29B4F77700B85600 /* topazUITests.xctest */ = {isa = PBXFileReference; explicitFileType = wrapper.cfbundle; includeInIndex = 0; path = topazUITests.xctest; sourceTree = BUILT_PRODUCTS_DIR; };
		AE26C09329B4F77700B85600 /* topazUITests.swift */ = {isa = PBXFileReference; lastKnownFileType = sourcecode.swift; path = topazUITests.swift; sourceTree = "<group>"; };
		AE26C09529B4F77700B85600 /* topazUITestsLaunchTests.swift */ = {isa = PBXFileReference; lastKnownFileType = sourcecode.swift; path = topazUITestsLaunchTests.swift; sourceTree = "<group>"; };
		AE2C0EE329BA3DC600C0B87C /* ProfilePicView.swift */ = {isa = PBXFileReference; lastKnownFileType = sourcecode.swift; path = ProfilePicView.swift; sourceTree = "<group>"; };
		AE2C0EE529BA50BD00C0B87C /* EventHolder.swift */ = {isa = PBXFileReference; lastKnownFileType = sourcecode.swift; path = EventHolder.swift; sourceTree = "<group>"; };
		AE2C0EEA29BA6E8700C0B87C /* Profile.swift */ = {isa = PBXFileReference; lastKnownFileType = sourcecode.swift; path = Profile.swift; sourceTree = "<group>"; };
		AE2C0EED29BA71B100C0B87C /* ActionBarModel.swift */ = {isa = PBXFileReference; lastKnownFileType = sourcecode.swift; path = ActionBarModel.swift; sourceTree = "<group>"; };
		AE2C0EEF29BA725A00C0B87C /* Zap.swift */ = {isa = PBXFileReference; lastKnownFileType = sourcecode.swift; path = Zap.swift; sourceTree = "<group>"; };
		AE2C0EF129BA7C9E00C0B87C /* Constants.swift */ = {isa = PBXFileReference; lastKnownFileType = sourcecode.swift; path = Constants.swift; sourceTree = "<group>"; };
		AE39020A29B912D600F9D40C /* Delta.swift */ = {isa = PBXFileReference; lastKnownFileType = sourcecode.swift; path = Delta.swift; sourceTree = "<group>"; };
		AE421C6C29BC433B009CB737 /* PostBlock.swift */ = {isa = PBXFileReference; lastKnownFileType = sourcecode.swift; path = PostBlock.swift; sourceTree = "<group>"; };
		AE421C7029BC7EED009CB737 /* RelayRegistrar.swift */ = {isa = PBXFileReference; lastKnownFileType = sourcecode.swift; path = RelayRegistrar.swift; sourceTree = "<group>"; };
		AE421C7229BD095B009CB737 /* EventReference.swift */ = {isa = PBXFileReference; lastKnownFileType = sourcecode.swift; path = EventReference.swift; sourceTree = "<group>"; };
		AE421C7429BD1ED4009CB737 /* ReplyDescription.swift */ = {isa = PBXFileReference; lastKnownFileType = sourcecode.swift; path = ReplyDescription.swift; sourceTree = "<group>"; };
		AE421C7629BD1FB5009CB737 /* ReplyDesc.swift */ = {isa = PBXFileReference; lastKnownFileType = sourcecode.swift; path = ReplyDesc.swift; sourceTree = "<group>"; };
		AE421C7929BE30DE009CB737 /* Date.swift */ = {isa = PBXFileReference; lastKnownFileType = sourcecode.swift; path = Date.swift; sourceTree = "<group>"; };
		AE5C8A6929B9D1C000306779 /* InnerTimelineView.swift */ = {isa = PBXFileReference; lastKnownFileType = sourcecode.swift; path = InnerTimelineView.swift; sourceTree = "<group>"; };
		AE5C8A6B29B9D35100306779 /* EventView.swift */ = {isa = PBXFileReference; lastKnownFileType = sourcecode.swift; path = EventView.swift; sourceTree = "<group>"; };
		AE5C8A6D29B9D3B000306779 /* TextEvent.swift */ = {isa = PBXFileReference; lastKnownFileType = sourcecode.swift; path = TextEvent.swift; sourceTree = "<group>"; };
		AE717AC129C014F7002D6A52 /* HomeModel.swift */ = {isa = PBXFileReference; lastKnownFileType = sourcecode.swift; path = HomeModel.swift; sourceTree = "<group>"; };
		AE771EAE29B5166A0019EDA1 /* ContentView.swift */ = {isa = PBXFileReference; lastKnownFileType = sourcecode.swift; path = ContentView.swift; sourceTree = "<group>"; };
		AE7FE7FF29BAB2800060DCE3 /* Reposted.swift */ = {isa = PBXFileReference; lastKnownFileType = sourcecode.swift; path = Reposted.swift; sourceTree = "<group>"; };
		AE7FE83829BBB7F80060DCE3 /* Parser.swift */ = {isa = PBXFileReference; lastKnownFileType = sourcecode.swift; path = Parser.swift; sourceTree = "<group>"; };
		AE7FE83A29BBBCBE0060DCE3 /* LNURLPayRequest.swift */ = {isa = PBXFileReference; lastKnownFileType = sourcecode.swift; path = LNURLPayRequest.swift; sourceTree = "<group>"; };
		AEB39B6B29B52B1200F3C92E /* OnboardingView.swift */ = {isa = PBXFileReference; lastKnownFileType = sourcecode.swift; path = OnboardingView.swift; sourceTree = "<group>"; };
		AEB39B6D29B52D5900F3C92E /* Topaz.swift */ = {isa = PBXFileReference; fileEncoding = 4; lastKnownFileType = sourcecode.swift; path = Topaz.swift; sourceTree = "<group>"; };
		AEB39B7429B5403900F3C92E /* npub.swift */ = {isa = PBXFileReference; lastKnownFileType = sourcecode.swift; name = npub.swift; path = topaz/UI/Welcome/npub.swift; sourceTree = SOURCE_ROOT; };
		AEB39B7629B5406A00F3C92E /* Keys.swift */ = {isa = PBXFileReference; fileEncoding = 4; lastKnownFileType = sourcecode.swift; path = Keys.swift; sourceTree = "<group>"; };
		AEB39B7729B5406A00F3C92E /* Bech32.swift */ = {isa = PBXFileReference; fileEncoding = 4; lastKnownFileType = sourcecode.swift; path = Bech32.swift; sourceTree = "<group>"; };
		AEB39B7A29B5417D00F3C92E /* POW.swift */ = {isa = PBXFileReference; lastKnownFileType = sourcecode.swift; name = POW.swift; path = topaz/UI/Welcome/POW.swift; sourceTree = SOURCE_ROOT; };
		AEB39B7D29B59C5B00F3C92E /* AccountPickerView.swift */ = {isa = PBXFileReference; lastKnownFileType = sourcecode.swift; path = AccountPickerView.swift; sourceTree = "<group>"; };
		AEB39B7F29B5C2E700F3C92E /* UserEnvironment.swift */ = {isa = PBXFileReference; lastKnownFileType = sourcecode.swift; path = UserEnvironment.swift; sourceTree = "<group>"; };
		AEB39B8129B5C37800F3C92E /* Relay.swift */ = {isa = PBXFileReference; lastKnownFileType = sourcecode.swift; path = Relay.swift; sourceTree = "<group>"; };
		AEB39B8329B5C3F300F3C92E /* RelayConnection.swift */ = {isa = PBXFileReference; fileEncoding = 4; lastKnownFileType = sourcecode.swift; path = RelayConnection.swift; sourceTree = "<group>"; };
		AEB39B8729B68D6A00F3C92E /* UserExperienceView.swift */ = {isa = PBXFileReference; lastKnownFileType = sourcecode.swift; path = UserExperienceView.swift; sourceTree = "<group>"; };
		AEB899F029B4FE4E004361B8 /* ApplicationModel.swift */ = {isa = PBXFileReference; fileEncoding = 4; lastKnownFileType = sourcecode.swift; path = ApplicationModel.swift; sourceTree = "<group>"; };
		AED9D12C29BA94DD004AE0AE /* ProfileView.swift */ = {isa = PBXFileReference; lastKnownFileType = sourcecode.swift; path = ProfileView.swift; sourceTree = "<group>"; };
		AED9D12E29BA9730004AE0AE /* LocalizationHelp.swift */ = {isa = PBXFileReference; lastKnownFileType = sourcecode.swift; path = LocalizationHelp.swift; sourceTree = "<group>"; };
		AED9D13129BA97E5004AE0AE /* ProfileName.swift */ = {isa = PBXFileReference; lastKnownFileType = sourcecode.swift; path = ProfileName.swift; sourceTree = "<group>"; };
		AED9D13329BA9828004AE0AE /* NIP05.swift */ = {isa = PBXFileReference; lastKnownFileType = sourcecode.swift; path = NIP05.swift; sourceTree = "<group>"; };
		AED9D13529BA99BE004AE0AE /* EventBody.swift */ = {isa = PBXFileReference; lastKnownFileType = sourcecode.swift; path = EventBody.swift; sourceTree = "<group>"; };
/* End PBXFileReference section */

/* Begin PBXFrameworksBuildPhase section */
		AE26C07129B4F77600B85600 /* Frameworks */ = {
			isa = PBXFrameworksBuildPhase;
			buildActionMask = 2147483647;
			files = (
				AEB899B529B4F8A6004361B8 /* Logging in Frameworks */,
				AE717AC529C0344B002D6A52 /* AsyncAlgorithms in Frameworks */,
				AEB899B229B4F89A004361B8 /* AsyncHTTPClient in Frameworks */,
				AEB899BE29B4F8E5004361B8 /* SwiftBlake2 in Frameworks */,
				AEB899C129B4F91A004361B8 /* Ctopaz in Frameworks */,
				AEB899FB29B50602004361B8 /* Markdown in Frameworks */,
				AEB899AA29B4F84C004361B8 /* HummingbirdWSClient in Frameworks */,
				AEB899A629B4F81E004361B8 /* QuickLMDB in Frameworks */,
				AEB899B829B4F8BA004361B8 /* secp256k1 in Frameworks */,
				AEB899FE29B50720004361B8 /* SystemPackage in Frameworks */,
				AEB899AC29B4F84C004361B8 /* HummingbirdWSCore in Frameworks */,
			);
			runOnlyForDeploymentPostprocessing = 0;
		};
		AE26C08229B4F77700B85600 /* Frameworks */ = {
			isa = PBXFrameworksBuildPhase;
			buildActionMask = 2147483647;
			files = (
			);
			runOnlyForDeploymentPostprocessing = 0;
		};
		AE26C08C29B4F77700B85600 /* Frameworks */ = {
			isa = PBXFrameworksBuildPhase;
			buildActionMask = 2147483647;
			files = (
			);
			runOnlyForDeploymentPostprocessing = 0;
		};
/* End PBXFrameworksBuildPhase section */

/* Begin PBXGroup section */
		AE0F152D29C50819009E3297 /* UserExperience */ = {
			isa = PBXGroup;
			children = (
				AE0F153029C508B7009E3297 /* Databases */,
				AE0F153129C509B4009E3297 /* Context.swift */,
			);
			path = UserExperience;
			sourceTree = "<group>";
		};
		AE0F153029C508B7009E3297 /* Databases */ = {
			isa = PBXGroup;
			children = (
				AE0F152E29C5083B009E3297 /* ProfileDB.swift */,
				AE0F153329C5553A009E3297 /* SettingsDB.swift */,
				AE0F153529C555EB009E3297 /* RelaysDB.swift */,
			);
			path = Databases;
			sourceTree = "<group>";
		};
		AE1A59BE29B70F7900D21AA0 /* UserExperience */ = {
			isa = PBXGroup;
			children = (
				AEB39B8729B68D6A00F3C92E /* UserExperienceView.swift */,
				AE1A59BA29B6ED2000D21AA0 /* UEDevView.swift */,
				AE1A59BF29B70F9200D21AA0 /* TimelineView.swift */,
				AE5C8A6929B9D1C000306779 /* InnerTimelineView.swift */,
				AE5C8A6B29B9D35100306779 /* EventView.swift */,
				AE5C8A6D29B9D3B000306779 /* TextEvent.swift */,
				AE2C0EE329BA3DC600C0B87C /* ProfilePicView.swift */,
				AED9D12C29BA94DD004AE0AE /* ProfileView.swift */,
				AED9D13129BA97E5004AE0AE /* ProfileName.swift */,
				AED9D13529BA99BE004AE0AE /* EventBody.swift */,
				AE7FE7FF29BAB2800060DCE3 /* Reposted.swift */,
				AE421C7429BD1ED4009CB737 /* ReplyDescription.swift */,
			);
			path = UserExperience;
			sourceTree = "<group>";
		};
		AE1A59CB29B7C02D00D21AA0 /* Schedules */ = {
			isa = PBXGroup;
			children = (
				AE1A59CC29B7C02D00D21AA0 /* ScheduledTask.swift */,
				AE1A59CD29B7C02D00D21AA0 /* Scheduler.swift */,
			);
			path = Schedules;
			sourceTree = "<group>";
		};
		AE26C06B29B4F77600B85600 = {
			isa = PBXGroup;
			children = (
				AE26C07629B4F77600B85600 /* topaz */,
				AE26C08829B4F77700B85600 /* topazTests */,
				AE26C09229B4F77700B85600 /* topazUITests */,
				AE26C07529B4F77600B85600 /* Products */,
			);
			sourceTree = "<group>";
		};
		AE26C07529B4F77600B85600 /* Products */ = {
			isa = PBXGroup;
			children = (
				AE26C07429B4F77600B85600 /* topaz.app */,
				AE26C08529B4F77700B85600 /* topazTests.xctest */,
				AE26C08F29B4F77700B85600 /* topazUITests.xctest */,
			);
			name = Products;
			sourceTree = "<group>";
		};
		AE26C07629B4F77600B85600 /* topaz */ = {
			isa = PBXGroup;
			children = (
				AE421C7829BE3050009CB737 /* Extensions */,
				AEB39B7229B5401F00F3C92E /* App */,
				AEB39B7129B5400000F3C92E /* nostr */,
				AEB899EF29B4FE4E004361B8 /* Model */,
				AEB899E329B4FE44004361B8 /* UI */,
				AE26C07B29B4F77700B85600 /* Assets.xcassets */,
				AE26C07D29B4F77700B85600 /* topaz.entitlements */,
				AE26C07E29B4F77700B85600 /* Preview Content */,
			);
			path = topaz;
			sourceTree = "<group>";
		};
		AE26C07E29B4F77700B85600 /* Preview Content */ = {
			isa = PBXGroup;
			children = (
				AE26C07F29B4F77700B85600 /* Preview Assets.xcassets */,
			);
			path = "Preview Content";
			sourceTree = "<group>";
		};
		AE26C08829B4F77700B85600 /* topazTests */ = {
			isa = PBXGroup;
			children = (
				AE26C08929B4F77700B85600 /* topazTests.swift */,
			);
			path = topazTests;
			sourceTree = "<group>";
		};
		AE26C09229B4F77700B85600 /* topazUITests */ = {
			isa = PBXGroup;
			children = (
				AE26C09329B4F77700B85600 /* topazUITests.swift */,
				AE26C09529B4F77700B85600 /* topazUITestsLaunchTests.swift */,
			);
			path = topazUITests;
			sourceTree = "<group>";
		};
		AE2C0EEC29BA712D00C0B87C /* Other Stuff */ = {
			isa = PBXGroup;
			children = (
				AE421C6C29BC433B009CB737 /* PostBlock.swift */,
				AE421C7629BD1FB5009CB737 /* ReplyDesc.swift */,
				AE2C0EED29BA71B100C0B87C /* ActionBarModel.swift */,
			);
			path = "Other Stuff";
			sourceTree = "<group>";
		};
		AE421C7829BE3050009CB737 /* Extensions */ = {
			isa = PBXGroup;
			children = (
				AE421C7929BE30DE009CB737 /* Date.swift */,
			);
			path = Extensions;
			sourceTree = "<group>";
		};
		AEB39B7129B5400000F3C92E /* nostr */ = {
			isa = PBXGroup;
			children = (
				AEB39B8329B5C3F300F3C92E /* RelayConnection.swift */,
				AEB39B8129B5C37800F3C92E /* Relay.swift */,
				AE1A59C129B7A20600D21AA0 /* Event.swift */,
				AE1A59C329B7A3E400D21AA0 /* nostr.swift */,
				AE1A59C529B7B0EA00D21AA0 /* Invoice.swift */,
				AE1A59C729B7B1EA00D21AA0 /* Mention.swift */,
				AE1A59C929B7B26200D21AA0 /* ReferenceID.swift */,
				AE1A59D029B7D2E300D21AA0 /* Request.swift */,
				AE1A59D229B7E85200D21AA0 /* Filter.swift */,
				AE2C0EEA29BA6E8700C0B87C /* Profile.swift */,
				AED9D13329BA9828004AE0AE /* NIP05.swift */,
				AE421C7029BC7EED009CB737 /* RelayRegistrar.swift */,
			);
			path = nostr;
			sourceTree = "<group>";
		};
		AEB39B7229B5401F00F3C92E /* App */ = {
			isa = PBXGroup;
			children = (
				AE1A59CB29B7C02D00D21AA0 /* Schedules */,
				AEB39B7329B5402700F3C92E /* Utils */,
				AEB39B6D29B52D5900F3C92E /* Topaz.swift */,
			);
			path = App;
			sourceTree = "<group>";
		};
		AEB39B7329B5402700F3C92E /* Utils */ = {
			isa = PBXGroup;
			children = (
				AEB39B7729B5406A00F3C92E /* Bech32.swift */,
				AEB39B7629B5406A00F3C92E /* Keys.swift */,
				AEB39B7429B5403900F3C92E /* npub.swift */,
				AEB39B7A29B5417D00F3C92E /* POW.swift */,
				AE39020A29B912D600F9D40C /* Delta.swift */,
				AE2C0EE529BA50BD00C0B87C /* EventHolder.swift */,
				AE2C0EEF29BA725A00C0B87C /* Zap.swift */,
				AE2C0EF129BA7C9E00C0B87C /* Constants.swift */,
				AED9D12E29BA9730004AE0AE /* LocalizationHelp.swift */,
				AE7FE83829BBB7F80060DCE3 /* Parser.swift */,
				AE7FE83A29BBBCBE0060DCE3 /* LNURLPayRequest.swift */,
				AE0F152B29C4E176009E3297 /* Stream.swift */,
			);
			path = Utils;
			sourceTree = "<group>";
		};
		AEB39B7C29B59ADE00F3C92E /* Onboarded */ = {
			isa = PBXGroup;
			children = (
				AE1A59BE29B70F7900D21AA0 /* UserExperience */,
				AEB39B7D29B59C5B00F3C92E /* AccountPickerView.swift */,
				AE1A59BC29B6EEA400D21AA0 /* MDBEnvStats.swift */,
			);
			path = Onboarded;
			sourceTree = "<group>";
		};
		AEB899E329B4FE44004361B8 /* UI */ = {
			isa = PBXGroup;
			children = (
				AEB39B7C29B59ADE00F3C92E /* Onboarded */,
				AEB899E429B4FE44004361B8 /* Welcome */,
				AE771EAE29B5166A0019EDA1 /* ContentView.swift */,
			);
			path = UI;
			sourceTree = "<group>";
		};
		AEB899E429B4FE44004361B8 /* Welcome */ = {
			isa = PBXGroup;
			children = (
				AEB39B6B29B52B1200F3C92E /* OnboardingView.swift */,
			);
			path = Welcome;
			sourceTree = "<group>";
		};
		AEB899EF29B4FE4E004361B8 /* Model */ = {
			isa = PBXGroup;
			children = (
				AE0F152D29C50819009E3297 /* UserExperience */,
				AE2C0EEC29BA712D00C0B87C /* Other Stuff */,
				AEB899F029B4FE4E004361B8 /* ApplicationModel.swift */,
				AEB39B7F29B5C2E700F3C92E /* UserEnvironment.swift */,
				AE421C7229BD095B009CB737 /* EventReference.swift */,
				AE717AC129C014F7002D6A52 /* HomeModel.swift */,
			);
			path = Model;
			sourceTree = "<group>";
		};
/* End PBXGroup section */

/* Begin PBXNativeTarget section */
		AE26C07329B4F77600B85600 /* topaz */ = {
			isa = PBXNativeTarget;
			buildConfigurationList = AE26C09929B4F77700B85600 /* Build configuration list for PBXNativeTarget "topaz" */;
			buildPhases = (
				AE26C07029B4F77600B85600 /* Sources */,
				AE26C07129B4F77600B85600 /* Frameworks */,
				AE26C07229B4F77600B85600 /* Resources */,
			);
			buildRules = (
			);
			dependencies = (
			);
			name = topaz;
			packageProductDependencies = (
				AEB899A529B4F81E004361B8 /* QuickLMDB */,
				AEB899A929B4F84C004361B8 /* HummingbirdWSClient */,
				AEB899AB29B4F84C004361B8 /* HummingbirdWSCore */,
				AEB899B129B4F89A004361B8 /* AsyncHTTPClient */,
				AEB899B429B4F8A6004361B8 /* Logging */,
				AEB899B729B4F8BA004361B8 /* secp256k1 */,
				AEB899BD29B4F8E5004361B8 /* SwiftBlake2 */,
				AEB899C029B4F91A004361B8 /* Ctopaz */,
				AEB899FA29B50602004361B8 /* Markdown */,
				AEB899FD29B50720004361B8 /* SystemPackage */,
				AE717AC429C0344B002D6A52 /* AsyncAlgorithms */,
			);
			productName = topaz;
			productReference = AE26C07429B4F77600B85600 /* topaz.app */;
			productType = "com.apple.product-type.application";
		};
		AE26C08429B4F77700B85600 /* topazTests */ = {
			isa = PBXNativeTarget;
			buildConfigurationList = AE26C09C29B4F77700B85600 /* Build configuration list for PBXNativeTarget "topazTests" */;
			buildPhases = (
				AE26C08129B4F77700B85600 /* Sources */,
				AE26C08229B4F77700B85600 /* Frameworks */,
				AE26C08329B4F77700B85600 /* Resources */,
			);
			buildRules = (
			);
			dependencies = (
				AE26C08729B4F77700B85600 /* PBXTargetDependency */,
			);
			name = topazTests;
			productName = topazTests;
			productReference = AE26C08529B4F77700B85600 /* topazTests.xctest */;
			productType = "com.apple.product-type.bundle.unit-test";
		};
		AE26C08E29B4F77700B85600 /* topazUITests */ = {
			isa = PBXNativeTarget;
			buildConfigurationList = AE26C09F29B4F77700B85600 /* Build configuration list for PBXNativeTarget "topazUITests" */;
			buildPhases = (
				AE26C08B29B4F77700B85600 /* Sources */,
				AE26C08C29B4F77700B85600 /* Frameworks */,
				AE26C08D29B4F77700B85600 /* Resources */,
			);
			buildRules = (
			);
			dependencies = (
				AE26C09129B4F77700B85600 /* PBXTargetDependency */,
			);
			name = topazUITests;
			productName = topazUITests;
			productReference = AE26C08F29B4F77700B85600 /* topazUITests.xctest */;
			productType = "com.apple.product-type.bundle.ui-testing";
		};
/* End PBXNativeTarget section */

/* Begin PBXProject section */
		AE26C06C29B4F77600B85600 /* Project object */ = {
			isa = PBXProject;
			attributes = {
				BuildIndependentTargetsInParallel = 1;
				LastSwiftUpdateCheck = 1420;
				LastUpgradeCheck = 1420;
				TargetAttributes = {
					AE26C07329B4F77600B85600 = {
						CreatedOnToolsVersion = 14.2;
					};
					AE26C08429B4F77700B85600 = {
						CreatedOnToolsVersion = 14.2;
						TestTargetID = AE26C07329B4F77600B85600;
					};
					AE26C08E29B4F77700B85600 = {
						CreatedOnToolsVersion = 14.2;
						TestTargetID = AE26C07329B4F77600B85600;
					};
				};
			};
			buildConfigurationList = AE26C06F29B4F77600B85600 /* Build configuration list for PBXProject "topaz" */;
			compatibilityVersion = "Xcode 14.0";
			developmentRegion = en;
			hasScannedForEncodings = 0;
			knownRegions = (
				en,
				Base,
			);
			mainGroup = AE26C06B29B4F77600B85600;
			packageReferences = (
				AEB899A429B4F81E004361B8 /* XCRemoteSwiftPackageReference "QuickLMDB" */,
				AEB899A829B4F84C004361B8 /* XCRemoteSwiftPackageReference "hummingbird-websocket" */,
				AEB899B029B4F89A004361B8 /* XCRemoteSwiftPackageReference "async-http-client" */,
				AEB899B329B4F8A6004361B8 /* XCRemoteSwiftPackageReference "swift-log" */,
				AEB899B629B4F8BA004361B8 /* XCRemoteSwiftPackageReference "secp256k1" */,
				AEB899BC29B4F8E5004361B8 /* XCRemoteSwiftPackageReference "SwiftBlake2" */,
				AEB899BF29B4F91A004361B8 /* XCRemoteSwiftPackageReference "Ctopaz" */,
				AEB899F929B50602004361B8 /* XCRemoteSwiftPackageReference "swift-markdown" */,
				AEB899FC29B50720004361B8 /* XCRemoteSwiftPackageReference "swift-system" */,
				AE717AC329C0344B002D6A52 /* XCRemoteSwiftPackageReference "swift-async-algorithms" */,
			);
			productRefGroup = AE26C07529B4F77600B85600 /* Products */;
			projectDirPath = "";
			projectRoot = "";
			targets = (
				AE26C07329B4F77600B85600 /* topaz */,
				AE26C08429B4F77700B85600 /* topazTests */,
				AE26C08E29B4F77700B85600 /* topazUITests */,
			);
		};
/* End PBXProject section */

/* Begin PBXResourcesBuildPhase section */
		AE26C07229B4F77600B85600 /* Resources */ = {
			isa = PBXResourcesBuildPhase;
			buildActionMask = 2147483647;
			files = (
				AE26C08029B4F77700B85600 /* Preview Assets.xcassets in Resources */,
				AE26C07C29B4F77700B85600 /* Assets.xcassets in Resources */,
			);
			runOnlyForDeploymentPostprocessing = 0;
		};
		AE26C08329B4F77700B85600 /* Resources */ = {
			isa = PBXResourcesBuildPhase;
			buildActionMask = 2147483647;
			files = (
			);
			runOnlyForDeploymentPostprocessing = 0;
		};
		AE26C08D29B4F77700B85600 /* Resources */ = {
			isa = PBXResourcesBuildPhase;
			buildActionMask = 2147483647;
			files = (
			);
			runOnlyForDeploymentPostprocessing = 0;
		};
/* End PBXResourcesBuildPhase section */

/* Begin PBXSourcesBuildPhase section */
		AE26C07029B4F77600B85600 /* Sources */ = {
			isa = PBXSourcesBuildPhase;
			buildActionMask = 2147483647;
			files = (
				AE5C8A6A29B9D1C000306779 /* InnerTimelineView.swift in Sources */,
				AE1A59CF29B7C02D00D21AA0 /* Scheduler.swift in Sources */,
				AE1A59D329B7E85200D21AA0 /* Filter.swift in Sources */,
				AE1A59D129B7D2E300D21AA0 /* Request.swift in Sources */,
				AE0F152C29C4E176009E3297 /* Stream.swift in Sources */,
				AE7FE83B29BBBCBE0060DCE3 /* LNURLPayRequest.swift in Sources */,
				AE1A59CA29B7B26200D21AA0 /* ReferenceID.swift in Sources */,
				AE5C8A6E29B9D3B100306779 /* TextEvent.swift in Sources */,
				AE1A59BB29B6ED2000D21AA0 /* UEDevView.swift in Sources */,
				AE0F152F29C5083B009E3297 /* ProfileDB.swift in Sources */,
				AE421C7529BD1ED4009CB737 /* ReplyDescription.swift in Sources */,
				AEB39B8029B5C2E700F3C92E /* UserEnvironment.swift in Sources */,
				AE7FE80029BAB2800060DCE3 /* Reposted.swift in Sources */,
				AED9D13229BA97E5004AE0AE /* ProfileName.swift in Sources */,
				AEB39B8429B5C3F300F3C92E /* RelayConnection.swift in Sources */,
				AED9D13629BA99BE004AE0AE /* EventBody.swift in Sources */,
				AE2C0EF029BA725A00C0B87C /* Zap.swift in Sources */,
				AEB39B7529B5403900F3C92E /* npub.swift in Sources */,
				AEB39B7829B5406A00F3C92E /* Keys.swift in Sources */,
				AE421C7729BD1FB5009CB737 /* ReplyDesc.swift in Sources */,
				AEB39B7E29B59C5B00F3C92E /* AccountPickerView.swift in Sources */,
				AE0F153229C509B4009E3297 /* Context.swift in Sources */,
				AE1A59C829B7B1EA00D21AA0 /* Mention.swift in Sources */,
				AE1A59BD29B6EEA400D21AA0 /* MDBEnvStats.swift in Sources */,
				AE0F153429C5553A009E3297 /* SettingsDB.swift in Sources */,
				AEB39B7B29B5417D00F3C92E /* POW.swift in Sources */,
				AE1A59CE29B7C02D00D21AA0 /* ScheduledTask.swift in Sources */,
				AE7FE83929BBB7F80060DCE3 /* Parser.swift in Sources */,
				AE2C0EEE29BA71B100C0B87C /* ActionBarModel.swift in Sources */,
				AE5C8A6C29B9D35100306779 /* EventView.swift in Sources */,
				AE1A59C229B7A20600D21AA0 /* Event.swift in Sources */,
				AE771EAF29B5166A0019EDA1 /* ContentView.swift in Sources */,
				AEB899F129B4FE4E004361B8 /* ApplicationModel.swift in Sources */,
				AE2C0EE629BA50BD00C0B87C /* EventHolder.swift in Sources */,
				AE1A59C629B7B0EA00D21AA0 /* Invoice.swift in Sources */,
				AEB39B8229B5C37800F3C92E /* Relay.swift in Sources */,
				AE421C7129BC7EED009CB737 /* RelayRegistrar.swift in Sources */,
				AED9D13429BA9828004AE0AE /* NIP05.swift in Sources */,
				AE421C7329BD095B009CB737 /* EventReference.swift in Sources */,
				AE2C0EF229BA7C9E00C0B87C /* Constants.swift in Sources */,
				AEB39B6E29B52D5900F3C92E /* Topaz.swift in Sources */,
				AE421C7A29BE30DE009CB737 /* Date.swift in Sources */,
				AE2C0EE429BA3DC600C0B87C /* ProfilePicView.swift in Sources */,
				AED9D12F29BA9730004AE0AE /* LocalizationHelp.swift in Sources */,
				AE421C6D29BC433B009CB737 /* PostBlock.swift in Sources */,
				AED9D12D29BA94DD004AE0AE /* ProfileView.swift in Sources */,
				AE0F153629C555EB009E3297 /* RelaysDB.swift in Sources */,
				AE2C0EEB29BA6E8700C0B87C /* Profile.swift in Sources */,
				AEB39B6C29B52B1200F3C92E /* OnboardingView.swift in Sources */,
				AEB39B8829B68D6A00F3C92E /* UserExperienceView.swift in Sources */,
				AEB39B7929B5406A00F3C92E /* Bech32.swift in Sources */,
				AE1A59C429B7A3E400D21AA0 /* nostr.swift in Sources */,
				AE39020B29B912D600F9D40C /* Delta.swift in Sources */,
				AE717AC229C014F7002D6A52 /* HomeModel.swift in Sources */,
				AE1A59C029B70F9200D21AA0 /* TimelineView.swift in Sources */,
			);
			runOnlyForDeploymentPostprocessing = 0;
		};
		AE26C08129B4F77700B85600 /* Sources */ = {
			isa = PBXSourcesBuildPhase;
			buildActionMask = 2147483647;
			files = (
				AE26C08A29B4F77700B85600 /* topazTests.swift in Sources */,
			);
			runOnlyForDeploymentPostprocessing = 0;
		};
		AE26C08B29B4F77700B85600 /* Sources */ = {
			isa = PBXSourcesBuildPhase;
			buildActionMask = 2147483647;
			files = (
				AE26C09429B4F77700B85600 /* topazUITests.swift in Sources */,
				AE26C09629B4F77700B85600 /* topazUITestsLaunchTests.swift in Sources */,
			);
			runOnlyForDeploymentPostprocessing = 0;
		};
/* End PBXSourcesBuildPhase section */

/* Begin PBXTargetDependency section */
		AE26C08729B4F77700B85600 /* PBXTargetDependency */ = {
			isa = PBXTargetDependency;
			target = AE26C07329B4F77600B85600 /* topaz */;
			targetProxy = AE26C08629B4F77700B85600 /* PBXContainerItemProxy */;
		};
		AE26C09129B4F77700B85600 /* PBXTargetDependency */ = {
			isa = PBXTargetDependency;
			target = AE26C07329B4F77600B85600 /* topaz */;
			targetProxy = AE26C09029B4F77700B85600 /* PBXContainerItemProxy */;
		};
/* End PBXTargetDependency section */

/* Begin XCBuildConfiguration section */
		AE26C09729B4F77700B85600 /* Debug */ = {
			isa = XCBuildConfiguration;
			buildSettings = {
				ALWAYS_SEARCH_USER_PATHS = NO;
				CLANG_ANALYZER_NONNULL = YES;
				CLANG_ANALYZER_NUMBER_OBJECT_CONVERSION = YES_AGGRESSIVE;
				CLANG_CXX_LANGUAGE_STANDARD = "gnu++20";
				CLANG_ENABLE_MODULES = YES;
				CLANG_ENABLE_OBJC_ARC = YES;
				CLANG_ENABLE_OBJC_WEAK = YES;
				CLANG_WARN_BLOCK_CAPTURE_AUTORELEASING = YES;
				CLANG_WARN_BOOL_CONVERSION = YES;
				CLANG_WARN_COMMA = YES;
				CLANG_WARN_CONSTANT_CONVERSION = YES;
				CLANG_WARN_DEPRECATED_OBJC_IMPLEMENTATIONS = YES;
				CLANG_WARN_DIRECT_OBJC_ISA_USAGE = YES_ERROR;
				CLANG_WARN_DOCUMENTATION_COMMENTS = YES;
				CLANG_WARN_EMPTY_BODY = YES;
				CLANG_WARN_ENUM_CONVERSION = YES;
				CLANG_WARN_INFINITE_RECURSION = YES;
				CLANG_WARN_INT_CONVERSION = YES;
				CLANG_WARN_NON_LITERAL_NULL_CONVERSION = YES;
				CLANG_WARN_OBJC_IMPLICIT_RETAIN_SELF = YES;
				CLANG_WARN_OBJC_LITERAL_CONVERSION = YES;
				CLANG_WARN_OBJC_ROOT_CLASS = YES_ERROR;
				CLANG_WARN_QUOTED_INCLUDE_IN_FRAMEWORK_HEADER = YES;
				CLANG_WARN_RANGE_LOOP_ANALYSIS = YES;
				CLANG_WARN_STRICT_PROTOTYPES = YES;
				CLANG_WARN_SUSPICIOUS_MOVE = YES;
				CLANG_WARN_UNGUARDED_AVAILABILITY = YES_AGGRESSIVE;
				CLANG_WARN_UNREACHABLE_CODE = YES;
				CLANG_WARN__DUPLICATE_METHOD_MATCH = YES;
				COPY_PHASE_STRIP = NO;
				DEBUG_INFORMATION_FORMAT = dwarf;
				ENABLE_STRICT_OBJC_MSGSEND = YES;
				ENABLE_TESTABILITY = YES;
				GCC_C_LANGUAGE_STANDARD = gnu11;
				GCC_DYNAMIC_NO_PIC = NO;
				GCC_NO_COMMON_BLOCKS = YES;
				GCC_OPTIMIZATION_LEVEL = 0;
				GCC_PREPROCESSOR_DEFINITIONS = (
					"DEBUG=1",
					"$(inherited)",
				);
				GCC_WARN_64_TO_32_BIT_CONVERSION = YES;
				GCC_WARN_ABOUT_RETURN_TYPE = YES_ERROR;
				GCC_WARN_UNDECLARED_SELECTOR = YES;
				GCC_WARN_UNINITIALIZED_AUTOS = YES_AGGRESSIVE;
				GCC_WARN_UNUSED_FUNCTION = YES;
				GCC_WARN_UNUSED_VARIABLE = YES;
				IPHONEOS_DEPLOYMENT_TARGET = 16.0;
				MACOSX_DEPLOYMENT_TARGET = 13.0;
				MTL_ENABLE_DEBUG_INFO = INCLUDE_SOURCE;
				MTL_FAST_MATH = YES;
				ONLY_ACTIVE_ARCH = YES;
				STRIP_INSTALLED_PRODUCT = NO;
				SWIFT_ACTIVE_COMPILATION_CONDITIONS = DEBUG;
				SWIFT_OPTIMIZATION_LEVEL = "-Onone";
			};
			name = Debug;
		};
		AE26C09829B4F77700B85600 /* Release */ = {
			isa = XCBuildConfiguration;
			buildSettings = {
				ALWAYS_SEARCH_USER_PATHS = NO;
				CLANG_ANALYZER_NONNULL = YES;
				CLANG_ANALYZER_NUMBER_OBJECT_CONVERSION = YES_AGGRESSIVE;
				CLANG_CXX_LANGUAGE_STANDARD = "gnu++20";
				CLANG_ENABLE_MODULES = YES;
				CLANG_ENABLE_OBJC_ARC = YES;
				CLANG_ENABLE_OBJC_WEAK = YES;
				CLANG_WARN_BLOCK_CAPTURE_AUTORELEASING = YES;
				CLANG_WARN_BOOL_CONVERSION = YES;
				CLANG_WARN_COMMA = YES;
				CLANG_WARN_CONSTANT_CONVERSION = YES;
				CLANG_WARN_DEPRECATED_OBJC_IMPLEMENTATIONS = YES;
				CLANG_WARN_DIRECT_OBJC_ISA_USAGE = YES_ERROR;
				CLANG_WARN_DOCUMENTATION_COMMENTS = YES;
				CLANG_WARN_EMPTY_BODY = YES;
				CLANG_WARN_ENUM_CONVERSION = YES;
				CLANG_WARN_INFINITE_RECURSION = YES;
				CLANG_WARN_INT_CONVERSION = YES;
				CLANG_WARN_NON_LITERAL_NULL_CONVERSION = YES;
				CLANG_WARN_OBJC_IMPLICIT_RETAIN_SELF = YES;
				CLANG_WARN_OBJC_LITERAL_CONVERSION = YES;
				CLANG_WARN_OBJC_ROOT_CLASS = YES_ERROR;
				CLANG_WARN_QUOTED_INCLUDE_IN_FRAMEWORK_HEADER = YES;
				CLANG_WARN_RANGE_LOOP_ANALYSIS = YES;
				CLANG_WARN_STRICT_PROTOTYPES = YES;
				CLANG_WARN_SUSPICIOUS_MOVE = YES;
				CLANG_WARN_UNGUARDED_AVAILABILITY = YES_AGGRESSIVE;
				CLANG_WARN_UNREACHABLE_CODE = YES;
				CLANG_WARN__DUPLICATE_METHOD_MATCH = YES;
				COPY_PHASE_STRIP = NO;
				DEBUG_INFORMATION_FORMAT = "dwarf-with-dsym";
				ENABLE_NS_ASSERTIONS = NO;
				ENABLE_STRICT_OBJC_MSGSEND = YES;
				GCC_C_LANGUAGE_STANDARD = gnu11;
				GCC_NO_COMMON_BLOCKS = YES;
				GCC_WARN_64_TO_32_BIT_CONVERSION = YES;
				GCC_WARN_ABOUT_RETURN_TYPE = YES_ERROR;
				GCC_WARN_UNDECLARED_SELECTOR = YES;
				GCC_WARN_UNINITIALIZED_AUTOS = YES_AGGRESSIVE;
				GCC_WARN_UNUSED_FUNCTION = YES;
				GCC_WARN_UNUSED_VARIABLE = YES;
				IPHONEOS_DEPLOYMENT_TARGET = 16.0;
				MACOSX_DEPLOYMENT_TARGET = 13.0;
				MTL_ENABLE_DEBUG_INFO = NO;
				MTL_FAST_MATH = YES;
				STRIP_INSTALLED_PRODUCT = YES;
				SWIFT_COMPILATION_MODE = wholemodule;
				SWIFT_OPTIMIZATION_LEVEL = "-O";
			};
			name = Release;
		};
		AE26C09A29B4F77700B85600 /* Debug */ = {
			isa = XCBuildConfiguration;
			buildSettings = {
				ASSETCATALOG_COMPILER_APPICON_NAME = AppIcon;
				ASSETCATALOG_COMPILER_GLOBAL_ACCENT_COLOR_NAME = AccentColor;
				CODE_SIGN_ENTITLEMENTS = topaz/topaz.entitlements;
				CODE_SIGN_STYLE = Automatic;
				CURRENT_PROJECT_VERSION = 1;
				DEVELOPMENT_ASSET_PATHS = "\"topaz/Preview Content\"";
				DEVELOPMENT_TEAM = 32J6BB6VUS;
				ENABLE_PREVIEWS = YES;
				GENERATE_INFOPLIST_FILE = YES;
				"INFOPLIST_KEY_UIApplicationSceneManifest_Generation[sdk=iphoneos*]" = YES;
				"INFOPLIST_KEY_UIApplicationSceneManifest_Generation[sdk=iphonesimulator*]" = YES;
				"INFOPLIST_KEY_UIApplicationSupportsIndirectInputEvents[sdk=iphoneos*]" = YES;
				"INFOPLIST_KEY_UIApplicationSupportsIndirectInputEvents[sdk=iphonesimulator*]" = YES;
				"INFOPLIST_KEY_UILaunchScreen_Generation[sdk=iphoneos*]" = YES;
				"INFOPLIST_KEY_UILaunchScreen_Generation[sdk=iphonesimulator*]" = YES;
				"INFOPLIST_KEY_UIStatusBarStyle[sdk=iphoneos*]" = UIStatusBarStyleDefault;
				"INFOPLIST_KEY_UIStatusBarStyle[sdk=iphonesimulator*]" = UIStatusBarStyleDefault;
				INFOPLIST_KEY_UISupportedInterfaceOrientations_iPad = "UIInterfaceOrientationPortrait UIInterfaceOrientationPortraitUpsideDown UIInterfaceOrientationLandscapeLeft UIInterfaceOrientationLandscapeRight";
				INFOPLIST_KEY_UISupportedInterfaceOrientations_iPhone = "UIInterfaceOrientationPortrait UIInterfaceOrientationLandscapeLeft UIInterfaceOrientationLandscapeRight";
				IPHONEOS_DEPLOYMENT_TARGET = 16.0;
				LD_RUNPATH_SEARCH_PATHS = "@executable_path/Frameworks";
				"LD_RUNPATH_SEARCH_PATHS[sdk=macosx*]" = "@executable_path/../Frameworks";
				MACOSX_DEPLOYMENT_TARGET = 13.0;
				MARKETING_VERSION = 1.0;
				PRODUCT_BUNDLE_IDENTIFIER = com.tannersilva.topaz;
				PRODUCT_NAME = "$(TARGET_NAME)";
				SDKROOT = auto;
				SUPPORTED_PLATFORMS = "iphoneos iphonesimulator macosx";
				SWIFT_EMIT_LOC_STRINGS = YES;
				SWIFT_VERSION = 5.0;
				TARGETED_DEVICE_FAMILY = "1,2";
			};
			name = Debug;
		};
		AE26C09B29B4F77700B85600 /* Release */ = {
			isa = XCBuildConfiguration;
			buildSettings = {
				ASSETCATALOG_COMPILER_APPICON_NAME = AppIcon;
				ASSETCATALOG_COMPILER_GLOBAL_ACCENT_COLOR_NAME = AccentColor;
				CODE_SIGN_ENTITLEMENTS = topaz/topaz.entitlements;
				CODE_SIGN_STYLE = Automatic;
				CURRENT_PROJECT_VERSION = 1;
				DEVELOPMENT_ASSET_PATHS = "\"topaz/Preview Content\"";
				DEVELOPMENT_TEAM = 32J6BB6VUS;
				ENABLE_PREVIEWS = YES;
				GENERATE_INFOPLIST_FILE = YES;
				"INFOPLIST_KEY_UIApplicationSceneManifest_Generation[sdk=iphoneos*]" = YES;
				"INFOPLIST_KEY_UIApplicationSceneManifest_Generation[sdk=iphonesimulator*]" = YES;
				"INFOPLIST_KEY_UIApplicationSupportsIndirectInputEvents[sdk=iphoneos*]" = YES;
				"INFOPLIST_KEY_UIApplicationSupportsIndirectInputEvents[sdk=iphonesimulator*]" = YES;
				"INFOPLIST_KEY_UILaunchScreen_Generation[sdk=iphoneos*]" = YES;
				"INFOPLIST_KEY_UILaunchScreen_Generation[sdk=iphonesimulator*]" = YES;
				"INFOPLIST_KEY_UIStatusBarStyle[sdk=iphoneos*]" = UIStatusBarStyleDefault;
				"INFOPLIST_KEY_UIStatusBarStyle[sdk=iphonesimulator*]" = UIStatusBarStyleDefault;
				INFOPLIST_KEY_UISupportedInterfaceOrientations_iPad = "UIInterfaceOrientationPortrait UIInterfaceOrientationPortraitUpsideDown UIInterfaceOrientationLandscapeLeft UIInterfaceOrientationLandscapeRight";
				INFOPLIST_KEY_UISupportedInterfaceOrientations_iPhone = "UIInterfaceOrientationPortrait UIInterfaceOrientationLandscapeLeft UIInterfaceOrientationLandscapeRight";
				IPHONEOS_DEPLOYMENT_TARGET = 16.0;
				LD_RUNPATH_SEARCH_PATHS = "@executable_path/Frameworks";
				"LD_RUNPATH_SEARCH_PATHS[sdk=macosx*]" = "@executable_path/../Frameworks";
				MACOSX_DEPLOYMENT_TARGET = 13.0;
				MARKETING_VERSION = 1.0;
				PRODUCT_BUNDLE_IDENTIFIER = com.tannersilva.topaz;
				PRODUCT_NAME = "$(TARGET_NAME)";
				SDKROOT = auto;
				SUPPORTED_PLATFORMS = "iphoneos iphonesimulator macosx";
				SWIFT_EMIT_LOC_STRINGS = YES;
				SWIFT_VERSION = 5.0;
				TARGETED_DEVICE_FAMILY = "1,2";
			};
			name = Release;
		};
		AE26C09D29B4F77700B85600 /* Debug */ = {
			isa = XCBuildConfiguration;
			buildSettings = {
				ALWAYS_EMBED_SWIFT_STANDARD_LIBRARIES = YES;
				BUNDLE_LOADER = "$(TEST_HOST)";
				CODE_SIGN_STYLE = Automatic;
				CURRENT_PROJECT_VERSION = 1;
				GENERATE_INFOPLIST_FILE = YES;
				IPHONEOS_DEPLOYMENT_TARGET = 16.2;
				MACOSX_DEPLOYMENT_TARGET = 13.1;
				MARKETING_VERSION = 1.0;
				PRODUCT_BUNDLE_IDENTIFIER = tannerdsilva.topazTests;
				PRODUCT_NAME = "$(TARGET_NAME)";
				SDKROOT = auto;
				SUPPORTED_PLATFORMS = "iphoneos iphonesimulator macosx";
				SWIFT_EMIT_LOC_STRINGS = NO;
				SWIFT_VERSION = 5.0;
				TARGETED_DEVICE_FAMILY = "1,2";
				TEST_HOST = "$(BUILT_PRODUCTS_DIR)/topaz.app/$(BUNDLE_EXECUTABLE_FOLDER_PATH)/topaz";
			};
			name = Debug;
		};
		AE26C09E29B4F77700B85600 /* Release */ = {
			isa = XCBuildConfiguration;
			buildSettings = {
				ALWAYS_EMBED_SWIFT_STANDARD_LIBRARIES = YES;
				BUNDLE_LOADER = "$(TEST_HOST)";
				CODE_SIGN_STYLE = Automatic;
				CURRENT_PROJECT_VERSION = 1;
				GENERATE_INFOPLIST_FILE = YES;
				IPHONEOS_DEPLOYMENT_TARGET = 16.2;
				MACOSX_DEPLOYMENT_TARGET = 13.1;
				MARKETING_VERSION = 1.0;
				PRODUCT_BUNDLE_IDENTIFIER = tannerdsilva.topazTests;
				PRODUCT_NAME = "$(TARGET_NAME)";
				SDKROOT = auto;
				SUPPORTED_PLATFORMS = "iphoneos iphonesimulator macosx";
				SWIFT_EMIT_LOC_STRINGS = NO;
				SWIFT_VERSION = 5.0;
				TARGETED_DEVICE_FAMILY = "1,2";
				TEST_HOST = "$(BUILT_PRODUCTS_DIR)/topaz.app/$(BUNDLE_EXECUTABLE_FOLDER_PATH)/topaz";
			};
			name = Release;
		};
		AE26C0A029B4F77700B85600 /* Debug */ = {
			isa = XCBuildConfiguration;
			buildSettings = {
				ALWAYS_EMBED_SWIFT_STANDARD_LIBRARIES = YES;
				CODE_SIGN_STYLE = Automatic;
				CURRENT_PROJECT_VERSION = 1;
				GENERATE_INFOPLIST_FILE = YES;
				IPHONEOS_DEPLOYMENT_TARGET = 16.2;
				MACOSX_DEPLOYMENT_TARGET = 13.1;
				MARKETING_VERSION = 1.0;
				PRODUCT_BUNDLE_IDENTIFIER = tannerdsilva.topazUITests;
				PRODUCT_NAME = "$(TARGET_NAME)";
				SDKROOT = auto;
				SUPPORTED_PLATFORMS = "iphoneos iphonesimulator macosx";
				SWIFT_EMIT_LOC_STRINGS = NO;
				SWIFT_VERSION = 5.0;
				TARGETED_DEVICE_FAMILY = "1,2";
				TEST_TARGET_NAME = topaz;
			};
			name = Debug;
		};
		AE26C0A129B4F77700B85600 /* Release */ = {
			isa = XCBuildConfiguration;
			buildSettings = {
				ALWAYS_EMBED_SWIFT_STANDARD_LIBRARIES = YES;
				CODE_SIGN_STYLE = Automatic;
				CURRENT_PROJECT_VERSION = 1;
				GENERATE_INFOPLIST_FILE = YES;
				IPHONEOS_DEPLOYMENT_TARGET = 16.2;
				MACOSX_DEPLOYMENT_TARGET = 13.1;
				MARKETING_VERSION = 1.0;
				PRODUCT_BUNDLE_IDENTIFIER = tannerdsilva.topazUITests;
				PRODUCT_NAME = "$(TARGET_NAME)";
				SDKROOT = auto;
				SUPPORTED_PLATFORMS = "iphoneos iphonesimulator macosx";
				SWIFT_EMIT_LOC_STRINGS = NO;
				SWIFT_VERSION = 5.0;
				TARGETED_DEVICE_FAMILY = "1,2";
				TEST_TARGET_NAME = topaz;
			};
			name = Release;
		};
/* End XCBuildConfiguration section */

/* Begin XCConfigurationList section */
		AE26C06F29B4F77600B85600 /* Build configuration list for PBXProject "topaz" */ = {
			isa = XCConfigurationList;
			buildConfigurations = (
				AE26C09729B4F77700B85600 /* Debug */,
				AE26C09829B4F77700B85600 /* Release */,
			);
			defaultConfigurationIsVisible = 0;
			defaultConfigurationName = Release;
		};
		AE26C09929B4F77700B85600 /* Build configuration list for PBXNativeTarget "topaz" */ = {
			isa = XCConfigurationList;
			buildConfigurations = (
				AE26C09A29B4F77700B85600 /* Debug */,
				AE26C09B29B4F77700B85600 /* Release */,
			);
			defaultConfigurationIsVisible = 0;
			defaultConfigurationName = Release;
		};
		AE26C09C29B4F77700B85600 /* Build configuration list for PBXNativeTarget "topazTests" */ = {
			isa = XCConfigurationList;
			buildConfigurations = (
				AE26C09D29B4F77700B85600 /* Debug */,
				AE26C09E29B4F77700B85600 /* Release */,
			);
			defaultConfigurationIsVisible = 0;
			defaultConfigurationName = Release;
		};
		AE26C09F29B4F77700B85600 /* Build configuration list for PBXNativeTarget "topazUITests" */ = {
			isa = XCConfigurationList;
			buildConfigurations = (
				AE26C0A029B4F77700B85600 /* Debug */,
				AE26C0A129B4F77700B85600 /* Release */,
			);
			defaultConfigurationIsVisible = 0;
			defaultConfigurationName = Release;
		};
/* End XCConfigurationList section */

/* Begin XCRemoteSwiftPackageReference section */
		AE717AC329C0344B002D6A52 /* XCRemoteSwiftPackageReference "swift-async-algorithms" */ = {
			isa = XCRemoteSwiftPackageReference;
			repositoryURL = "https://github.com/apple/swift-async-algorithms";
			requirement = {
				kind = upToNextMajorVersion;
				minimumVersion = 0.1.0;
			};
		};
		AEB899A429B4F81E004361B8 /* XCRemoteSwiftPackageReference "QuickLMDB" */ = {
			isa = XCRemoteSwiftPackageReference;
			repositoryURL = "https://github.com/tannerdsilva/QuickLMDB";
			requirement = {
				kind = upToNextMajorVersion;
				minimumVersion = 1.0.0;
			};
		};
		AEB899A829B4F84C004361B8 /* XCRemoteSwiftPackageReference "hummingbird-websocket" */ = {
			isa = XCRemoteSwiftPackageReference;
			repositoryURL = "https://github.com/hummingbird-project/hummingbird-websocket.git";
			requirement = {
				kind = upToNextMajorVersion;
				minimumVersion = 1.0.0;
			};
		};
		AEB899B029B4F89A004361B8 /* XCRemoteSwiftPackageReference "async-http-client" */ = {
			isa = XCRemoteSwiftPackageReference;
			repositoryURL = "https://github.com/swift-server/async-http-client.git";
			requirement = {
				kind = upToNextMajorVersion;
				minimumVersion = 1.0.0;
			};
		};
		AEB899B329B4F8A6004361B8 /* XCRemoteSwiftPackageReference "swift-log" */ = {
			isa = XCRemoteSwiftPackageReference;
			repositoryURL = "https://github.com/apple/swift-log";
			requirement = {
				kind = upToNextMajorVersion;
				minimumVersion = 1.0.0;
			};
		};
		AEB899B629B4F8BA004361B8 /* XCRemoteSwiftPackageReference "secp256k1" */ = {
			isa = XCRemoteSwiftPackageReference;
			repositoryURL = "https://github.com/jb55/secp256k1.swift";
			requirement = {
				kind = upToNextMajorVersion;
				minimumVersion = 0.7.0;
			};
		};
		AEB899BC29B4F8E5004361B8 /* XCRemoteSwiftPackageReference "SwiftBlake2" */ = {
			isa = XCRemoteSwiftPackageReference;
			repositoryURL = "https://github.com/tannerdsilva/SwiftBlake2";
			requirement = {
				kind = upToNextMinorVersion;
				minimumVersion = 0.0.3;
			};
		};
		AEB899BF29B4F91A004361B8 /* XCRemoteSwiftPackageReference "Ctopaz" */ = {
			isa = XCRemoteSwiftPackageReference;
			repositoryURL = "https://github.com/tannerdsilva/Ctopaz.git";
			requirement = {
				kind = revision;
				revision = 427db2fa0ada05e4a9de76035b7fbcf126db8350;
			};
		};
		AEB899F929B50602004361B8 /* XCRemoteSwiftPackageReference "swift-markdown" */ = {
			isa = XCRemoteSwiftPackageReference;
			repositoryURL = "https://github.com/apple/swift-markdown";
			requirement = {
				branch = main;
				kind = branch;
			};
		};
		AEB899FC29B50720004361B8 /* XCRemoteSwiftPackageReference "swift-system" */ = {
			isa = XCRemoteSwiftPackageReference;
			repositoryURL = "https://github.com/apple/swift-system.git";
			requirement = {
				kind = upToNextMajorVersion;
				minimumVersion = 1.0.0;
			};
		};
/* End XCRemoteSwiftPackageReference section */

/* Begin XCSwiftPackageProductDependency section */
		AE717AC429C0344B002D6A52 /* AsyncAlgorithms */ = {
			isa = XCSwiftPackageProductDependency;
			package = AE717AC329C0344B002D6A52 /* XCRemoteSwiftPackageReference "swift-async-algorithms" */;
			productName = AsyncAlgorithms;
		};
		AEB899A529B4F81E004361B8 /* QuickLMDB */ = {
			isa = XCSwiftPackageProductDependency;
			package = AEB899A429B4F81E004361B8 /* XCRemoteSwiftPackageReference "QuickLMDB" */;
			productName = QuickLMDB;
		};
		AEB899A929B4F84C004361B8 /* HummingbirdWSClient */ = {
			isa = XCSwiftPackageProductDependency;
			package = AEB899A829B4F84C004361B8 /* XCRemoteSwiftPackageReference "hummingbird-websocket" */;
			productName = HummingbirdWSClient;
		};
		AEB899AB29B4F84C004361B8 /* HummingbirdWSCore */ = {
			isa = XCSwiftPackageProductDependency;
			package = AEB899A829B4F84C004361B8 /* XCRemoteSwiftPackageReference "hummingbird-websocket" */;
			productName = HummingbirdWSCore;
		};
		AEB899B129B4F89A004361B8 /* AsyncHTTPClient */ = {
			isa = XCSwiftPackageProductDependency;
			package = AEB899B029B4F89A004361B8 /* XCRemoteSwiftPackageReference "async-http-client" */;
			productName = AsyncHTTPClient;
		};
		AEB899B429B4F8A6004361B8 /* Logging */ = {
			isa = XCSwiftPackageProductDependency;
			package = AEB899B329B4F8A6004361B8 /* XCRemoteSwiftPackageReference "swift-log" */;
			productName = Logging;
		};
		AEB899B729B4F8BA004361B8 /* secp256k1 */ = {
			isa = XCSwiftPackageProductDependency;
			package = AEB899B629B4F8BA004361B8 /* XCRemoteSwiftPackageReference "secp256k1" */;
			productName = secp256k1;
		};
		AEB899BD29B4F8E5004361B8 /* SwiftBlake2 */ = {
			isa = XCSwiftPackageProductDependency;
			package = AEB899BC29B4F8E5004361B8 /* XCRemoteSwiftPackageReference "SwiftBlake2" */;
			productName = SwiftBlake2;
		};
		AEB899C029B4F91A004361B8 /* Ctopaz */ = {
			isa = XCSwiftPackageProductDependency;
			package = AEB899BF29B4F91A004361B8 /* XCRemoteSwiftPackageReference "Ctopaz" */;
			productName = Ctopaz;
		};
		AEB899FA29B50602004361B8 /* Markdown */ = {
			isa = XCSwiftPackageProductDependency;
			package = AEB899F929B50602004361B8 /* XCRemoteSwiftPackageReference "swift-markdown" */;
			productName = Markdown;
		};
		AEB899FD29B50720004361B8 /* SystemPackage */ = {
			isa = XCSwiftPackageProductDependency;
			package = AEB899FC29B50720004361B8 /* XCRemoteSwiftPackageReference "swift-system" */;
			productName = SystemPackage;
		};
/* End XCSwiftPackageProductDependency section */
	};
	rootObject = AE26C06C29B4F77600B85600 /* Project object */;
}
